{"SurveyEntry":{"SurveyID":"SV_5dRYJQgLuYUFrMN","SurveyName":"Possibility generation study for causation - Version 2","SurveyDescription":null,"SurveyOwnerID":"UR_0PrynYk9oLoDNSR","SurveyBrandID":"dartmouth","DivisionID":null,"SurveyLanguage":"EN","SurveyActiveResponseSet":"RS_4Yf8IK2wCF4Iha5","SurveyStatus":"Active","SurveyStartDate":"0000-00-00 00:00:00","SurveyExpirationDate":"0000-00-00 00:00:00","SurveyCreationDate":"2020-08-08 15:10:18","CreatorID":"UR_0PrynYk9oLoDNSR","LastModified":"2022-11-17 09:11:47","LastAccessed":"0000-00-00 00:00:00","LastActivated":"2020-08-18 14:26:01","Deleted":null},"SurveyElements":[{"SurveyID":"SV_5dRYJQgLuYUFrMN","Element":"BL","PrimaryAttribute":"Survey Blocks","SecondaryAttribute":null,"TertiaryAttribute":null,"Payload":{"0":{"Type":"Default","Description":"Consent","ID":"BL_3rP9FaJKMkkeknP","BlockElements":[{"Type":"Question","QuestionID":"QID1"}],"Options":{"BlockLocking":"false","RandomizeQuestions":"false","BlockVisibility":"Collapsed"}},"1":{"Type":"Trash","Description":"Trash \/ Unused Questions","ID":"BL_4UcRmHvU70DF3il","BlockElements":[],"Options":{"BlockLocking":"false","RandomizeQuestions":"false","BlockVisibility":"Expanded"}},"2":{"Type":"Standard","SubType":"","Description":"Scenario 7","ID":"BL_9FiHiJ0zYDiBGh7","BlockElements":[{"Type":"Question","QuestionID":"QID2"},{"Type":"Question","QuestionID":"QID162"},{"Type":"Question","QuestionID":"QID309"},{"Type":"Page Break"},{"Type":"Question","QuestionID":"QID170"},{"Type":"Page Break"},{"Type":"Question","QuestionID":"QID307"},{"Type":"Page Break"},{"Type":"Question","QuestionID":"QID310"},{"Type":"Page Break"},{"Type":"Question","QuestionID":"QID311"},{"Type":"Page Break"},{"Type":"Question","QuestionID":"QID312"},{"Type":"Page Break"}],"Options":{"BlockLocking":"false","RandomizeQuestions":"false","BlockVisibility":"Collapsed"}},"4":{"Type":"Standard","SubType":"","Description":"Instructions","ID":"BL_8kbml4Kej2ZNjGB","BlockElements":[{"Type":"Question","QuestionID":"QID17"}],"Options":{"BlockLocking":"false","RandomizeQuestions":"false","BlockVisibility":"Collapsed"}},"10":{"Type":"Standard","SubType":"","Description":"Demographics","ID":"BL_8GSnM1a8zMChN4h","BlockElements":[{"Type":"Question","QuestionID":"QID88"},{"Type":"Question","QuestionID":"QID89"},{"Type":"Question","QuestionID":"QID90"},{"Type":"Question","QuestionID":"QID91"},{"Type":"Question","QuestionID":"QID92"},{"Type":"Question","QuestionID":"QID93"}],"Options":{"BlockLocking":"false","RandomizeQuestions":"false","BlockVisibility":"Collapsed"}},"11":{"Type":"Standard","SubType":"","Description":"Scenario 8","ID":"BL_0dP2i6XKTI1Y6X3","BlockElements":[{"Type":"Question","QuestionID":"QID189"},{"Type":"Question","QuestionID":"QID190"},{"Type":"Question","QuestionID":"QID191"},{"Type":"Page Break"},{"Type":"Question","QuestionID":"QID192"},{"Type":"Page Break"},{"Type":"Question","QuestionID":"QID313"},{"Type":"Page Break"},{"Type":"Question","QuestionID":"QID314"},{"Type":"Page Break"},{"Type":"Question","QuestionID":"QID315"},{"Type":"Page Break"},{"Type":"Question","QuestionID":"QID316"},{"Type":"Page Break"}],"Options":{"BlockLocking":false,"RandomizeQuestions":"false","BlockVisibility":"Collapsed"}},"12":{"Type":"Standard","SubType":"","Description":"Scenario 9","ID":"BL_3a50Uf8K1QYnKdL","BlockElements":[{"Type":"Question","QuestionID":"QID212"},{"Type":"Question","QuestionID":"QID213"},{"Type":"Question","QuestionID":"QID214"},{"Type":"Page Break"},{"Type":"Question","QuestionID":"QID215"},{"Type":"Page Break"},{"Type":"Question","QuestionID":"QID317"},{"Type":"Page Break"},{"Type":"Question","QuestionID":"QID318"},{"Type":"Page Break"},{"Type":"Question","QuestionID":"QID319"},{"Type":"Page Break"},{"Type":"Question","QuestionID":"QID320"},{"Type":"Page Break"}],"Options":{"BlockLocking":false,"RandomizeQuestions":"false","BlockVisibility":"Collapsed"}},"13":{"Type":"Standard","SubType":"","Description":"Scenario 10","ID":"BL_3lQVrLigsOjS5TL","BlockElements":[{"Type":"Question","QuestionID":"QID235"},{"Type":"Question","QuestionID":"QID236"},{"Type":"Question","QuestionID":"QID237"},{"Type":"Page Break"},{"Type":"Question","QuestionID":"QID238"},{"Type":"Page Break"},{"Type":"Question","QuestionID":"QID321"},{"Type":"Page Break"},{"Type":"Question","QuestionID":"QID323"},{"Type":"Page Break"},{"Type":"Question","QuestionID":"QID324"},{"Type":"Page Break"},{"Type":"Question","QuestionID":"QID322"},{"Type":"Page Break"}],"Options":{"BlockLocking":false,"RandomizeQuestions":"false","BlockVisibility":"Collapsed"}},"14":{"Type":"Standard","SubType":"","Description":"Scenario 11","ID":"BL_87e25AXNiF78SVv","BlockElements":[{"Type":"Question","QuestionID":"QID258"},{"Type":"Question","QuestionID":"QID259"},{"Type":"Question","QuestionID":"QID260"},{"Type":"Page Break"},{"Type":"Question","QuestionID":"QID261"},{"Type":"Page Break"},{"Type":"Question","QuestionID":"QID325"},{"Type":"Page Break"},{"Type":"Question","QuestionID":"QID327"},{"Type":"Page Break"},{"Type":"Question","QuestionID":"QID328"},{"Type":"Page Break"},{"Type":"Question","QuestionID":"QID326"},{"Type":"Page Break"}],"Options":{"BlockLocking":false,"RandomizeQuestions":"false","BlockVisibility":"Collapsed"}},"15":{"Type":"Standard","SubType":"","Description":"Scenario 12","ID":"BL_a4THBYImoaVl6kZ","BlockElements":[{"Type":"Question","QuestionID":"QID281"},{"Type":"Question","QuestionID":"QID282"},{"Type":"Question","QuestionID":"QID283"},{"Type":"Page Break"},{"Type":"Question","QuestionID":"QID284"},{"Type":"Page Break"},{"Type":"Question","QuestionID":"QID329"},{"Type":"Page Break"},{"Type":"Question","QuestionID":"QID331"},{"Type":"Page Break"},{"Type":"Question","QuestionID":"QID332"},{"Type":"Page Break"},{"Type":"Question","QuestionID":"QID330"},{"Type":"Page Break"}],"Options":{"BlockLocking":false,"RandomizeQuestions":"false","BlockVisibility":"Expanded"}}}},{"SurveyID":"SV_5dRYJQgLuYUFrMN","Element":"BR","PrimaryAttribute":"FL_11","SecondaryAttribute":null,"TertiaryAttribute":null,"Payload":{"FL_8":0,"FL_6":0,"FL_7":0,"FL_3":0,"FL_9":0,"FL_10":0}},{"SurveyID":"SV_5dRYJQgLuYUFrMN","Element":"BR","PrimaryAttribute":"BL_0VvUnxr2ZPmDpZP","SecondaryAttribute":null,"TertiaryAttribute":null,"Payload":{"QID60":0,"QID69":0,"QID73":0,"QID64":0,"QID151":0,"QID149":0,"QID144":0,"QID63":0,"QID147":0,"QID143":0,"QID70":0}},{"SurveyID":"SV_5dRYJQgLuYUFrMN","Element":"BR","PrimaryAttribute":"BL_8w9rUARvQCAgmax","SecondaryAttribute":null,"TertiaryAttribute":null,"Payload":{"QID46":0,"QID52":0,"QID59":0,"QID48":0,"QID142":0,"QID47":0,"QID51":0,"QID58":0,"QID54":0,"QID134":0,"QID135":0,"QID140":0}},{"SurveyID":"SV_5dRYJQgLuYUFrMN","Element":"BR","PrimaryAttribute":"BL_9FiHiJ0zYDiBGh7","SecondaryAttribute":null,"TertiaryAttribute":null,"Payload":{"QID2":0,"QID8":0,"QID6":0,"QID7":0,"QID3":0,"QID11":0,"QID9":0,"QID114":0,"QID10":0,"QID96":0,"QID101":0,"QID5":0}},{"SurveyID":"SV_5dRYJQgLuYUFrMN","Element":"BR","PrimaryAttribute":"BL_b3CfI9DFJlEJvnv","SecondaryAttribute":null,"TertiaryAttribute":null,"Payload":{"QID18":0,"QID28":0,"QID31":0,"QID109":0,"QID112":0,"QID25":0,"QID19":0,"QID103":0,"QID105":0}},{"SurveyID":"SV_5dRYJQgLuYUFrMN","Element":"BR","PrimaryAttribute":"BL_cG61kXQdxr5JADr","SecondaryAttribute":null,"TertiaryAttribute":null,"Payload":{"QID74":0,"QID83":0,"QID87":0,"QID84":0,"QID160":0,"QID156":0,"QID158":0,"QID76":0,"QID81":0,"QID153":0}},{"SurveyID":"SV_5dRYJQgLuYUFrMN","Element":"BR","PrimaryAttribute":"BL_eFF9n50Trfq3kWx","SecondaryAttribute":null,"TertiaryAttribute":null,"Payload":{"QID32":0,"QID36":0,"QID45":0,"QID122":0,"QID116":0,"QID121":0,"QID115":0,"QID119":0,"QID120":0,"QID128":0}},{"SurveyID":"SV_5dRYJQgLuYUFrMN","Element":"FL","PrimaryAttribute":"Survey Flow","SecondaryAttribute":null,"TertiaryAttribute":null,"Payload":{"Type":"Root","FlowID":"FL_1","Flow":[{"Type":"Block","ID":"BL_3rP9FaJKMkkeknP","FlowID":"FL_2"},{"Type":"Standard","ID":"BL_8kbml4Kej2ZNjGB","FlowID":"FL_5"},{"Type":"BlockRandomizer","FlowID":"FL_11","SubSet":6,"EvenPresentation":true,"Flow":[{"Type":"Standard","ID":"BL_9FiHiJ0zYDiBGh7","FlowID":"FL_3"},{"Type":"Standard","ID":"BL_0dP2i6XKTI1Y6X3","FlowID":"FL_14"},{"Type":"Standard","ID":"BL_3a50Uf8K1QYnKdL","FlowID":"FL_15"},{"Type":"Standard","ID":"BL_3lQVrLigsOjS5TL","FlowID":"FL_16"},{"Type":"Standard","ID":"BL_87e25AXNiF78SVv","FlowID":"FL_17"},{"Type":"Standard","ID":"BL_a4THBYImoaVl6kZ","FlowID":"FL_18"}]},{"Type":"Standard","ID":"BL_8GSnM1a8zMChN4h","FlowID":"FL_12"}],"Properties":{"Count":18,"RemovedFieldsets":[]}}},{"SurveyID":"SV_5dRYJQgLuYUFrMN","Element":"PL","PrimaryAttribute":"Preview Link","SecondaryAttribute":null,"TertiaryAttribute":null,"Payload":{"PreviewType":"Brand","PreviewID":"e65790ce-d794-4310-b00d-a794c599e472"}},{"SurveyID":"SV_5dRYJQgLuYUFrMN","Element":"RS","PrimaryAttribute":"RS_4Yf8IK2wCF4Iha5","SecondaryAttribute":null,"TertiaryAttribute":null,"Payload":null},{"SurveyID":"SV_5dRYJQgLuYUFrMN","Element":"SO","PrimaryAttribute":"Survey Options","SecondaryAttribute":null,"TertiaryAttribute":null,"Payload":{"BackButton":"false","SaveAndContinue":"true","SurveyProtection":"PublicSurvey","BallotBoxStuffingPrevention":"true","NoIndex":"Yes","SurveyExpiration":null,"SurveyTermination":"DisplayMessage","Header":"","Footer":"","ProgressBarDisplay":"None","PartialData":"+1 week","ValidationMessage":null,"PreviousButton":"  <<  ","NextButton":"  >>  ","SkinLibrary":"Qualtrics","SkinType":"MQ","Skin":"v4qualtrics2","NewScoring":1,"EOSMessage":"MS_4SHZeUEOehFmygZ","ShowExportTags":"false","CollectGeoLocation":"false","SurveyTitle":"Online Survey Software | Qualtrics Survey Solutions","SurveyMetaDescription":"Qualtrics sophisticated online survey software solutions make creating online surveys easy. Learn more about Research Suite and get a free account today.","PasswordProtection":"No","AnonymizeResponse":"No","Password":"","RefererCheck":"No","RefererURL":"http:\/\/","EOSMessageLibrary":"UR_0AFIKHBBfHKVDlH","EOSRedirectURL":"https:\/\/","EmailThankYou":"false","ThankYouEmailMessageLibrary":null,"ThankYouEmailMessage":null,"ValidateMessage":"false","ValidationMessageLibrary":null,"InactiveSurvey":"DefaultMessage","InactiveMessageLibrary":"","InactiveMessage":"","AvailableLanguages":{"EN":[]},"libraryId":"","nextButtonMid":"","previousButtonMid":"","headerMid":"","footerMid":"","QuestionsPerPage":"","PageTransition":"Slide","ExternalCSS":null,"CustomStyles":{"errorStyles":{"selector":".Skin .ValidationError","styles":{"color":null,"backgroundColor":null,"borderColor":null}},"errorStylesBG":{"selector":".Skin .HeaderValidationError, .Skin .HeaderValidationError li a","styles":{"color":null,"backgroundColor":null}},"pageStyles":{"selector":"#SurveyEngineBody","styles":{"backgroundColor":null}},"textStyles":{"selector":".SkinInner","styles":{"fontFamily":null,"fontSize":null,"fontWeight":null,"fontStyle":null,"textDecoration":null,"color":null}},"questionStyles":{"selector":".Skin .QuestionText","styles":{"fontFamily":null,"fontSize":null,"fontWeight":null,"fontStyle":null,"textDecoration":null,"color":null}},"choiceStyles":{"selector":".Skin .horizontalbar th.ylabel, .Skin .Matrix table td, .Skin .Matrix table th, .Skin .Matrix table thead th, .Skin .Matrix table thead td, .Skin .PGR .DragAndDrop .Items label, .Skin .QuestionBody ul.ChoiceStructure, .Skin .PGR .DragAndDrop .Group ul, .Skin .PGR .DragAndDrop .Group h2, .Skin .PGR .DragAndDrop .Items ul, .Skin .PGR .DragAndDrop .Items h2, .Skin .DD .QuestionBody table.ChoiceStructure, .Skin .PGR .DragAndDrop .NoColumns td.groupsContainerTd div ul, .Skin .PGR .DragAndDrop .NoColumns td.groupsContainerTd div h2, .Skin .SBS thead th, .Skin .SBS td, .Skin .SBS .Answers td, .Skin .SBS .Answers th, .SBS table.ChoiceStructure, .Skin .horizontalbar thead table.LabelDescriptions tr td, .Skin .horizontalbar thead tr td.NotApplicable, .QuestionBody th, .Skin .QuestionBody .MC .MAVR label, .Skin .QuestionBody .MC .SAVR label, .Skin .SBS thead th, .Skin .SBS td, .Skin .RO .DND ul li, .Skin .reg, .SkinInner .ChoiceStructure, .Skin thead, .Skin .GAP .ChoiceStructure thead th, .Skin .GAP .ChoiceStructure .c4, .Skin .GAP .ChoiceStructure th, .Skin .GAP .ChoiceStructure .WhyText, .SkinInner .ChoiceStructure .LightBG, .Skin .QuestionOuter.Highlight .Inner .reg, .Skin .QuestionOuter.Highlight .Inner .alt, .Skin .QuestionOuter.Highlight .Inner .ReadableAlt       ","styles":{"fontFamily":null,"fontSize":null,"fontWeight":null,"fontStyle":null,"textDecoration":null,"color":null}},"headerStyles":{"selector":".Skin div#Header","styles":{"color":null}},"footerStyles":{"selector":".Skin #Footer","styles":{"color":null}},"questionSeparatorStyles":{"selector":".Skin .Separator","styles":{"backgroundColor":null,"display":"block"}},"highlightStyles":{"selector":".Skin .QuestionOuter.Highlight .Inner, .Skin .QuestionOuter.Highlight .Inner .reg, .Skin .QuestionOuter.Highlight .Inner .alt, .Skin .QuestionOuter.Highlight .Inner .ReadableAlt","styles":{"backgroundColor":null}},"highlightStylesAlt":{"selector":".Skin .QuestionOuter.Highlight .Inner .ReadableAlt, .Skin .QuestionOuter.Highlight .Inner .LightBG","styles":{"backgroundColor":null}},"textEntryStyles":{"selector":".Skin select, .Skin .InputText","styles":{"color":null}},"borderStyles":{"selector":".Skin .CS .horizontalbar table.sliderGrid tr.xlabel th, .Skin .CS .horizontalbar .ylabel, .Skin .CS .horizontalbar table.sliderGrid tr td.value, .Skin .Slider .horizontalbar table.sliderGrid tr.xlabel th, .Skin .BorderColor, .Skin .DarkBorderColor, .Skin .Slider .horizontalbar table.sliderGrid tr td.value, .Skin thead, .Skin .GAP .ChoiceStructure thead th  ","styles":{"borderColor":null}},"altRowStyles":{"selector":".Skin .ReadableAlt, .Skin .LightBG","styles":{"backgroundColor":null}},"customCSS":null},"HighlightQuestions":"off","ProtectSelectionIds":true,"SecureResponseFiles":"false","ActiveResponseSet":null,"BallotBoxStuffingPreventionBehavior":"DefaultMessage","BallotBoxStuffingPreventionMessage":"","BallotBoxStuffingPreventionMessageLibrary":"","BallotBoxStuffingPreventionURL":null,"RecaptchaV3":"false","ConfirmStart":false,"AutoConfirmStart":false,"UseCustomSurveyLinkCompletedMessage":null,"SurveyLinkCompletedMessage":"","SurveyLinkCompletedMessageLibrary":"","ResponseSummary":"No","PartialDataCloseAfter":"LastActivity"}},{"SurveyID":"SV_5dRYJQgLuYUFrMN","Element":"SCO","PrimaryAttribute":"Scoring","SecondaryAttribute":null,"TertiaryAttribute":null,"Payload":{"ScoringCategories":[{"ID":"SC_eP51MvjUlRSqeTX","Name":"Score","Description":""}],"ScoringCategoryGroups":[],"DefaultScoringCategory":"SC_eP51MvjUlRSqeTX","ScoringSummaryCategory":null,"ScoringSummaryAfterQuestions":0,"ScoringSummaryAfterSurvey":0,"AutoScoringCategory":null}},{"SurveyID":"SV_5dRYJQgLuYUFrMN","Element":"PROJ","PrimaryAttribute":"CORE","SecondaryAttribute":null,"TertiaryAttribute":"1.1.0","Payload":{"ProjectCategory":"CORE","SchemaVersion":"1.1.0"}},{"SurveyID":"SV_5dRYJQgLuYUFrMN","Element":"STAT","PrimaryAttribute":"Survey Statistics","SecondaryAttribute":null,"TertiaryAttribute":null,"Payload":{"MobileCompatible":true,"ID":"Survey Statistics"}},{"SurveyID":"SV_5dRYJQgLuYUFrMN","Element":"QC","PrimaryAttribute":"Survey Question Count","SecondaryAttribute":"332","TertiaryAttribute":null,"Payload":null},{"SurveyID":"SV_5dRYJQgLuYUFrMN","Element":"SQ","PrimaryAttribute":"QID88","SecondaryAttribute":"\u00a0 In this part of the experiment, we'd like you to answer a series of background questions. \u00a0 You.","TertiaryAttribute":null,"Payload":{"QuestionText":"<div>\n &nbsp;<\/div>\n<meta charset=\"utf-8\" \/>\n<div>\n <span style=\"font-size:16px;\">In this part of the experiment, we&#39;d like you to answer a series of background questions.<\/span><br \/>\n &nbsp;<\/div>\n<div>\n Your answers to these questions are very helpful, and are for research purposes only.&nbsp;Remember that your responses are entirely anonymous. If you feel uncomfortable with a&nbsp;question in this section, you can leave the question blank.<\/div>\n<div>\n &nbsp;<\/div>","DataExportTag":"demo","QuestionType":"MC","Selector":"SAVR","SubSelector":"TX","Configuration":{"QuestionDescriptionOption":"UseText"},"QuestionDescription":"\u00a0 In this part of the experiment, we'd like you to answer a series of background questions. \u00a0 You...","Choices":[],"ChoiceOrder":[],"Validation":{"Settings":{"ForceResponse":"OFF","ForceResponseType":"ON"}},"Language":[],"QuestionID":"QID88"}},{"SurveyID":"SV_5dRYJQgLuYUFrMN","Element":"SQ","PrimaryAttribute":"QID238","SecondaryAttribute":"Consider one of the things you believed Cameron could do: ${q:\/\/QID236\/ChoiceTextEntryValue\/4}","TertiaryAttribute":null,"Payload":{"QuestionText":"Consider one of the things you believed Cameron could do:<div><br><\/div><div>${q:\/\/QID236\/ChoiceTextEntryValue\/4}<\/div>","DefaultChoices":false,"DataExportTag":"S10A1","QuestionID":"QID238","QuestionType":"Slider","Selector":"HSLIDER","DataVisibility":{"Private":false,"Hidden":false},"Configuration":{"QuestionDescriptionOption":"UseText","CSSliderMin":0,"CSSliderMax":100,"GridLines":10,"SnapToGrid":false,"NumDecimals":"0","ShowValue":true,"CustomStart":true,"NotApplicable":false,"MobileFirst":true,"SliderStartPositions":{"4":0,"5":0,"6":0}},"QuestionDescription":"Consider one of the things you believed Cameron could do: ${q:\/\/QID236\/ChoiceTextEntryValue\/4}","Choices":{"4":{"Display":"How probable is it that Cameron will do that thing?"},"5":{"Display":"How morally acceptable would it be for Cameron to do that thing?"},"6":{"Display":"How normal would it be if Cameron did that thing?"}},"ChoiceOrder":["4","5","6"],"Validation":{"Settings":{"ForceResponse":"OFF","ForceResponseType":"ON","Type":"None"}},"GradingData":[],"Language":[],"NextChoiceId":7,"NextAnswerId":3,"Labels":{"1":{"Display":"Least"},"2":{"Display":"Most"}}}},{"SurveyID":"SV_5dRYJQgLuYUFrMN","Element":"SQ","PrimaryAttribute":"QID321","SecondaryAttribute":"Consider one of the things you believed Cameron could do: ${q:\/\/QID236\/ChoiceTextEntryValue\/5}","TertiaryAttribute":null,"Payload":{"QuestionText":"Consider one of the things you believed Cameron could do:<div><br><\/div><div>${q:\/\/QID236\/ChoiceTextEntryValue\/5}<\/div>","DefaultChoices":false,"DataExportTag":"S10A2","QuestionType":"Slider","Selector":"HSLIDER","DataVisibility":{"Private":false,"Hidden":false},"Configuration":{"QuestionDescriptionOption":"UseText","CSSliderMin":0,"CSSliderMax":100,"GridLines":10,"SnapToGrid":false,"NumDecimals":"0","ShowValue":true,"CustomStart":true,"SliderStartPositions":{"4":0,"5":0,"6":0},"NotApplicable":false,"MobileFirst":true},"QuestionDescription":"Consider one of the things you believed Cameron could do: ${q:\/\/QID236\/ChoiceTextEntryValue\/5}","Choices":{"4":{"Display":"How probable is it that Cameron will do that thing?"},"5":{"Display":"How morally acceptable would it be for Cameron to do that thing?"},"6":{"Display":"How normal would it be if Cameron did that thing?"}},"ChoiceOrder":["4","5","6"],"Validation":{"Settings":{"ForceResponse":"OFF","ForceResponseType":"ON","Type":"None"}},"GradingData":[],"Language":[],"NextChoiceId":7,"NextAnswerId":3,"Labels":{"1":{"Display":"Least"},"2":{"Display":"Most"}},"QuestionID":"QID321"}},{"SurveyID":"SV_5dRYJQgLuYUFrMN","Element":"SQ","PrimaryAttribute":"QID323","SecondaryAttribute":"Consider one of the things you believed Cameron could do: ${q:\/\/QID236\/ChoiceTextEntryValue\/6}","TertiaryAttribute":null,"Payload":{"QuestionText":"Consider one of the things you believed Cameron could do:<div><br><\/div><div>${q:\/\/QID236\/ChoiceTextEntryValue\/6}<\/div>","DefaultChoices":false,"DataExportTag":"S10A3","QuestionType":"Slider","Selector":"HSLIDER","DataVisibility":{"Private":false,"Hidden":false},"Configuration":{"QuestionDescriptionOption":"UseText","CSSliderMin":0,"CSSliderMax":100,"GridLines":10,"SnapToGrid":false,"NumDecimals":"0","ShowValue":true,"CustomStart":true,"SliderStartPositions":{"4":0,"5":0,"6":0},"NotApplicable":false,"MobileFirst":true},"QuestionDescription":"Consider one of the things you believed Cameron could do: ${q:\/\/QID236\/ChoiceTextEntryValue\/6}","Choices":{"4":{"Display":"How probable is it that Cameron will do that thing?"},"5":{"Display":"How morally acceptable would it be for Cameron to do that thing?"},"6":{"Display":"How normal would it be if Cameron did that thing?"}},"ChoiceOrder":["4","5","6"],"Validation":{"Settings":{"ForceResponse":"OFF","ForceResponseType":"ON","Type":"None"}},"GradingData":[],"Language":[],"NextChoiceId":7,"NextAnswerId":3,"Labels":{"1":{"Display":"Least"},"2":{"Display":"Most"}},"QuestionID":"QID323"}},{"SurveyID":"SV_5dRYJQgLuYUFrMN","Element":"SQ","PrimaryAttribute":"QID324","SecondaryAttribute":"Consider one of the things you believed Cameron could do: ${q:\/\/QID236\/ChoiceTextEntryValue\/7}","TertiaryAttribute":null,"Payload":{"QuestionText":"Consider one of the things you believed Cameron could do:<div><br><\/div><div>${q:\/\/QID236\/ChoiceTextEntryValue\/7}<\/div>","DefaultChoices":false,"DataExportTag":"S10A4","QuestionType":"Slider","Selector":"HSLIDER","DataVisibility":{"Private":false,"Hidden":false},"Configuration":{"QuestionDescriptionOption":"UseText","CSSliderMin":0,"CSSliderMax":100,"GridLines":10,"SnapToGrid":false,"NumDecimals":"0","ShowValue":true,"CustomStart":true,"SliderStartPositions":{"4":0,"5":0,"6":0},"NotApplicable":false,"MobileFirst":true},"QuestionDescription":"Consider one of the things you believed Cameron could do: ${q:\/\/QID236\/ChoiceTextEntryValue\/7}","Choices":{"4":{"Display":"How probable is it that Cameron will do that thing?"},"5":{"Display":"How morally acceptable would it be for Cameron to do that thing?"},"6":{"Display":"How normal would it be if Cameron did that thing?"}},"ChoiceOrder":["4","5","6"],"Validation":{"Settings":{"ForceResponse":"OFF","ForceResponseType":"ON","Type":"None"}},"GradingData":[],"Language":[],"NextChoiceId":7,"NextAnswerId":3,"Labels":{"1":{"Display":"Least"},"2":{"Display":"Most"}},"QuestionID":"QID324"}},{"SurveyID":"SV_5dRYJQgLuYUFrMN","Element":"SQ","PrimaryAttribute":"QID322","SecondaryAttribute":"Consider one of the things you believed Cameron could do: ${q:\/\/QID236\/ChoiceTextEntryValue\/8}","TertiaryAttribute":null,"Payload":{"QuestionText":"Consider one of the things you believed Cameron could do:<div><br><\/div><div>${q:\/\/QID236\/ChoiceTextEntryValue\/8}<\/div>","DefaultChoices":false,"DataExportTag":"S10A5","QuestionType":"Slider","Selector":"HSLIDER","DataVisibility":{"Private":false,"Hidden":false},"Configuration":{"QuestionDescriptionOption":"UseText","CSSliderMin":0,"CSSliderMax":100,"GridLines":10,"SnapToGrid":false,"NumDecimals":"0","ShowValue":true,"CustomStart":true,"SliderStartPositions":{"4":0,"5":0,"6":0},"NotApplicable":false,"MobileFirst":true},"QuestionDescription":"Consider one of the things you believed Cameron could do: ${q:\/\/QID236\/ChoiceTextEntryValue\/8}","Choices":{"4":{"Display":"How probable is it that Cameron will do that thing?"},"5":{"Display":"How morally acceptable would it be for Cameron to do that thing?"},"6":{"Display":"How normal would it be if Cameron did that thing?"}},"ChoiceOrder":["4","5","6"],"Validation":{"Settings":{"ForceResponse":"OFF","ForceResponseType":"ON","Type":"None"}},"GradingData":[],"Language":[],"NextChoiceId":7,"NextAnswerId":3,"Labels":{"1":{"Display":"Least"},"2":{"Display":"Most"}},"QuestionID":"QID322"}},{"SurveyID":"SV_5dRYJQgLuYUFrMN","Element":"SQ","PrimaryAttribute":"QID284","SecondaryAttribute":"Consider one of the things you believed Carl could do: ${q:\/\/QID282\/ChoiceTextEntryValue\/4}","TertiaryAttribute":null,"Payload":{"QuestionText":"Consider one of the things you believed Carl could do:<div><br><\/div><div>${q:\/\/QID282\/ChoiceTextEntryValue\/4}<\/div>","DefaultChoices":false,"DataExportTag":"S12A1","QuestionID":"QID284","QuestionType":"Slider","Selector":"HSLIDER","DataVisibility":{"Private":false,"Hidden":false},"Configuration":{"QuestionDescriptionOption":"UseText","CSSliderMin":0,"CSSliderMax":100,"GridLines":10,"SnapToGrid":false,"NumDecimals":"0","ShowValue":true,"CustomStart":false,"NotApplicable":false,"MobileFirst":true},"QuestionDescription":"Consider one of the things you believed Carl could do: ${q:\/\/QID282\/ChoiceTextEntryValue\/4}","Choices":{"4":{"Display":"How probable is it that Carl will do that thing?"},"5":{"Display":"How morally acceptable would it be for Carl to do that thing?"},"6":{"Display":"How normal would it be if Carl did that thing?"}},"ChoiceOrder":["4","5","6"],"Validation":{"Settings":{"ForceResponse":"OFF","ForceResponseType":"ON","Type":"None"}},"GradingData":[],"Language":[],"NextChoiceId":7,"NextAnswerId":3,"Labels":{"1":{"Display":"Least"},"2":{"Display":"Most"}}}},{"SurveyID":"SV_5dRYJQgLuYUFrMN","Element":"SQ","PrimaryAttribute":"QID329","SecondaryAttribute":"Consider one of the things you believed Carl could do: ${q:\/\/QID282\/ChoiceTextEntryValue\/5}","TertiaryAttribute":null,"Payload":{"QuestionText":"Consider one of the things you believed Carl could do:<div><br><\/div><div>${q:\/\/QID282\/ChoiceTextEntryValue\/5}<\/div>","DefaultChoices":false,"DataExportTag":"S12A2","QuestionType":"Slider","Selector":"HSLIDER","DataVisibility":{"Private":false,"Hidden":false},"Configuration":{"QuestionDescriptionOption":"UseText","CSSliderMin":0,"CSSliderMax":100,"GridLines":10,"SnapToGrid":false,"NumDecimals":"0","ShowValue":true,"CustomStart":false,"NotApplicable":false,"MobileFirst":true},"QuestionDescription":"Consider one of the things you believed Carl could do: ${q:\/\/QID282\/ChoiceTextEntryValue\/5}","Choices":{"4":{"Display":"How probable is it that Carl will do that thing?"},"5":{"Display":"How morally acceptable would it be for Carl to do that thing?"},"6":{"Display":"How normal would it be if Carl did that thing?"}},"ChoiceOrder":["4","5","6"],"Validation":{"Settings":{"ForceResponse":"OFF","ForceResponseType":"ON","Type":"None"}},"GradingData":[],"Language":[],"NextChoiceId":7,"NextAnswerId":3,"Labels":{"1":{"Display":"Least"},"2":{"Display":"Most"}},"QuestionID":"QID329"}},{"SurveyID":"SV_5dRYJQgLuYUFrMN","Element":"SQ","PrimaryAttribute":"QID331","SecondaryAttribute":"Consider one of the things you believed Carl could do: ${q:\/\/QID282\/ChoiceTextEntryValue\/6}","TertiaryAttribute":null,"Payload":{"QuestionText":"Consider one of the things you believed Carl could do:<div><br><\/div><div>${q:\/\/QID282\/ChoiceTextEntryValue\/6}<\/div>","DefaultChoices":false,"DataExportTag":"S12A3","QuestionType":"Slider","Selector":"HSLIDER","DataVisibility":{"Private":false,"Hidden":false},"Configuration":{"QuestionDescriptionOption":"UseText","CSSliderMin":0,"CSSliderMax":100,"GridLines":10,"SnapToGrid":false,"NumDecimals":"0","ShowValue":true,"CustomStart":false,"NotApplicable":false,"MobileFirst":true},"QuestionDescription":"Consider one of the things you believed Carl could do: ${q:\/\/QID282\/ChoiceTextEntryValue\/6}","Choices":{"4":{"Display":"How probable is it that Carl will do that thing?"},"5":{"Display":"How morally acceptable would it be for Carl to do that thing?"},"6":{"Display":"How normal would it be if Carl did that thing?"}},"ChoiceOrder":["4","5","6"],"Validation":{"Settings":{"ForceResponse":"OFF","ForceResponseType":"ON","Type":"None"}},"GradingData":[],"Language":[],"NextChoiceId":7,"NextAnswerId":3,"Labels":{"1":{"Display":"Least"},"2":{"Display":"Most"}},"QuestionID":"QID331"}},{"SurveyID":"SV_5dRYJQgLuYUFrMN","Element":"SQ","PrimaryAttribute":"QID332","SecondaryAttribute":"Consider one of the things you believed Carl could do: ${q:\/\/QID282\/ChoiceTextEntryValue\/7}","TertiaryAttribute":null,"Payload":{"QuestionText":"Consider one of the things you believed Carl could do:<div><br><\/div><div>${q:\/\/QID282\/ChoiceTextEntryValue\/7}<\/div>","DefaultChoices":false,"DataExportTag":"S12A4","QuestionType":"Slider","Selector":"HSLIDER","DataVisibility":{"Private":false,"Hidden":false},"Configuration":{"QuestionDescriptionOption":"UseText","CSSliderMin":0,"CSSliderMax":100,"GridLines":10,"SnapToGrid":false,"NumDecimals":"0","ShowValue":true,"CustomStart":false,"NotApplicable":false,"MobileFirst":true},"QuestionDescription":"Consider one of the things you believed Carl could do: ${q:\/\/QID282\/ChoiceTextEntryValue\/7}","Choices":{"4":{"Display":"How probable is it that Carl will do that thing?"},"5":{"Display":"How morally acceptable would it be for Carl to do that thing?"},"6":{"Display":"How normal would it be if Carl did that thing?"}},"ChoiceOrder":["4","5","6"],"Validation":{"Settings":{"ForceResponse":"OFF","ForceResponseType":"ON","Type":"None"}},"GradingData":[],"Language":[],"NextChoiceId":7,"NextAnswerId":3,"Labels":{"1":{"Display":"Least"},"2":{"Display":"Most"}},"QuestionID":"QID332"}},{"SurveyID":"SV_5dRYJQgLuYUFrMN","Element":"SQ","PrimaryAttribute":"QID330","SecondaryAttribute":"Consider one of the things you believed Carl could do: ${q:\/\/QID282\/ChoiceTextEntryValue\/8}","TertiaryAttribute":null,"Payload":{"QuestionText":"Consider one of the things you believed Carl could do:<div><br><\/div><div>${q:\/\/QID282\/ChoiceTextEntryValue\/8}<\/div>","DefaultChoices":false,"DataExportTag":"S12A5","QuestionType":"Slider","Selector":"HSLIDER","DataVisibility":{"Private":false,"Hidden":false},"Configuration":{"QuestionDescriptionOption":"UseText","CSSliderMin":0,"CSSliderMax":100,"GridLines":10,"SnapToGrid":false,"NumDecimals":"0","ShowValue":true,"CustomStart":false,"NotApplicable":false,"MobileFirst":true},"QuestionDescription":"Consider one of the things you believed Carl could do: ${q:\/\/QID282\/ChoiceTextEntryValue\/8}","Choices":{"4":{"Display":"How probable is it that Carl will do that thing?"},"5":{"Display":"How morally acceptable would it be for Carl to do that thing?"},"6":{"Display":"How normal would it be if Carl did that thing?"}},"ChoiceOrder":["4","5","6"],"Validation":{"Settings":{"ForceResponse":"OFF","ForceResponseType":"ON","Type":"None"}},"GradingData":[],"Language":[],"NextChoiceId":7,"NextAnswerId":3,"Labels":{"1":{"Display":"Least"},"2":{"Display":"Most"}},"QuestionID":"QID330"}},{"SurveyID":"SV_5dRYJQgLuYUFrMN","Element":"SQ","PrimaryAttribute":"QID170","SecondaryAttribute":"Consider one of the things you believed Darya could do: ${q:\/\/QID162\/ChoiceTextEntryValue\/4}","TertiaryAttribute":null,"Payload":{"QuestionText":"Consider one of the things you believed Darya could do:<div><br><\/div><div>${q:\/\/QID162\/ChoiceTextEntryValue\/4}<\/div>","DefaultChoices":false,"DataExportTag":"S7A1","QuestionID":"QID170","QuestionType":"Slider","Selector":"HSLIDER","DataVisibility":{"Private":false,"Hidden":false},"Configuration":{"QuestionDescriptionOption":"UseText","CSSliderMin":0,"CSSliderMax":100,"GridLines":10,"SnapToGrid":false,"NumDecimals":"0","ShowValue":true,"CustomStart":true,"NotApplicable":false,"MobileFirst":true,"SliderStartPositions":{"7":0,"8":0,"9":0}},"QuestionDescription":"Consider one of the things you believed Darya could do: ${q:\/\/QID162\/ChoiceTextEntryValue\/4}","Choices":{"7":{"Display":"How likely is it that Darya will do that thing?"},"8":{"Display":"How morally acceptable is it that Darya will do that thing?"},"9":{"Display":"How normal is it that Darya will do that thing?"}},"ChoiceOrder":["7","8","9"],"Validation":{"Settings":{"ForceResponse":"OFF","ForceResponseType":"ON","Type":"None"}},"GradingData":[],"Language":[],"NextChoiceId":10,"NextAnswerId":3,"Labels":{"1":{"Display":"Least"},"2":{"Display":"Most"}}}},{"SurveyID":"SV_5dRYJQgLuYUFrMN","Element":"SQ","PrimaryAttribute":"QID307","SecondaryAttribute":"Consider one of the things you believed Darya could do: ${q:\/\/QID162\/ChoiceTextEntryValue\/5}","TertiaryAttribute":null,"Payload":{"QuestionText":"Consider one of the things you believed Darya could do:<div><br><\/div><div>${q:\/\/QID162\/ChoiceTextEntryValue\/5}<\/div>","DefaultChoices":false,"DataExportTag":"S7A2","QuestionType":"Slider","Selector":"HSLIDER","DataVisibility":{"Private":false,"Hidden":false},"Configuration":{"QuestionDescriptionOption":"UseText","CSSliderMin":0,"CSSliderMax":100,"GridLines":10,"SnapToGrid":false,"NumDecimals":"0","ShowValue":true,"CustomStart":false,"NotApplicable":false,"MobileFirst":true},"QuestionDescription":"Consider one of the things you believed Darya could do: ${q:\/\/QID162\/ChoiceTextEntryValue\/5}","Choices":{"7":{"Display":"How likely is it that Darya will do that thing?"},"8":{"Display":"How morally acceptable is it that Darya will do that thing?"},"9":{"Display":"How normal is it that Darya will do that thing?"}},"ChoiceOrder":["7","8","9"],"Validation":{"Settings":{"ForceResponse":"OFF","ForceResponseType":"ON","Type":"None"}},"GradingData":[],"Language":[],"NextChoiceId":10,"NextAnswerId":3,"Labels":{"1":{"Display":"Least"},"2":{"Display":"Most"}},"QuestionID":"QID307"}},{"SurveyID":"SV_5dRYJQgLuYUFrMN","Element":"SQ","PrimaryAttribute":"QID310","SecondaryAttribute":"Consider one of the things you believed Darya could do: ${q:\/\/QID162\/ChoiceTextEntryValue\/6}","TertiaryAttribute":null,"Payload":{"QuestionText":"Consider one of the things you believed Darya could do:<div><br><\/div><div>${q:\/\/QID162\/ChoiceTextEntryValue\/6}<\/div>","DefaultChoices":false,"DataExportTag":"S7A3","QuestionType":"Slider","Selector":"HSLIDER","DataVisibility":{"Private":false,"Hidden":false},"Configuration":{"QuestionDescriptionOption":"UseText","CSSliderMin":0,"CSSliderMax":100,"GridLines":10,"SnapToGrid":false,"NumDecimals":"0","ShowValue":true,"CustomStart":false,"NotApplicable":false,"MobileFirst":true},"QuestionDescription":"Consider one of the things you believed Darya could do: ${q:\/\/QID162\/ChoiceTextEntryValue\/6}","Choices":{"7":{"Display":"How likely is it that Darya will do that thing?"},"8":{"Display":"How morally acceptable is it that Darya will do that thing?"},"9":{"Display":"How normal is it that Darya will do that thing?"}},"ChoiceOrder":["7","8","9"],"Validation":{"Settings":{"ForceResponse":"OFF","ForceResponseType":"ON","Type":"None"}},"GradingData":[],"Language":[],"NextChoiceId":10,"NextAnswerId":3,"Labels":{"1":{"Display":"Least"},"2":{"Display":"Most"}},"QuestionID":"QID310"}},{"SurveyID":"SV_5dRYJQgLuYUFrMN","Element":"SQ","PrimaryAttribute":"QID311","SecondaryAttribute":"Consider one of the things you believed Darya could do: ${q:\/\/QID162\/ChoiceTextEntryValue\/7}","TertiaryAttribute":null,"Payload":{"QuestionText":"Consider one of the things you believed Darya could do:<div><br><\/div><div>${q:\/\/QID162\/ChoiceTextEntryValue\/7}<\/div>","DefaultChoices":false,"DataExportTag":"S7A4","QuestionType":"Slider","Selector":"HSLIDER","DataVisibility":{"Private":false,"Hidden":false},"Configuration":{"QuestionDescriptionOption":"UseText","CSSliderMin":0,"CSSliderMax":100,"GridLines":10,"SnapToGrid":false,"NumDecimals":"0","ShowValue":true,"CustomStart":false,"NotApplicable":false,"MobileFirst":true},"QuestionDescription":"Consider one of the things you believed Darya could do: ${q:\/\/QID162\/ChoiceTextEntryValue\/7}","Choices":{"7":{"Display":"How likely is it that Darya will do that thing?"},"8":{"Display":"How morally acceptable is it that Darya will do that thing?"},"9":{"Display":"How normal is it that Darya will do that thing?"}},"ChoiceOrder":["7","8","9"],"Validation":{"Settings":{"ForceResponse":"OFF","ForceResponseType":"ON","Type":"None"}},"GradingData":[],"Language":[],"NextChoiceId":10,"NextAnswerId":3,"Labels":{"1":{"Display":"Least"},"2":{"Display":"Most"}},"QuestionID":"QID311"}},{"SurveyID":"SV_5dRYJQgLuYUFrMN","Element":"SQ","PrimaryAttribute":"QID312","SecondaryAttribute":"Consider one of the things you believed Darya could do: ${q:\/\/QID162\/ChoiceTextEntryValue\/8}","TertiaryAttribute":null,"Payload":{"QuestionText":"Consider one of the things you believed Darya could do:<div><br><\/div><div>${q:\/\/QID162\/ChoiceTextEntryValue\/8}<\/div>","DefaultChoices":false,"DataExportTag":"S7A5","QuestionType":"Slider","Selector":"HSLIDER","DataVisibility":{"Private":false,"Hidden":false},"Configuration":{"QuestionDescriptionOption":"UseText","CSSliderMin":0,"CSSliderMax":100,"GridLines":10,"SnapToGrid":false,"NumDecimals":"0","ShowValue":true,"CustomStart":false,"NotApplicable":false,"MobileFirst":true},"QuestionDescription":"Consider one of the things you believed Darya could do: ${q:\/\/QID162\/ChoiceTextEntryValue\/8}","Choices":{"7":{"Display":"How likely is it that Darya will do that thing?"},"8":{"Display":"How morally acceptable is it that Darya will do that thing?"},"9":{"Display":"How normal is it that Darya will do that thing?"}},"ChoiceOrder":["7","8","9"],"Validation":{"Settings":{"ForceResponse":"OFF","ForceResponseType":"ON","Type":"None"}},"GradingData":[],"Language":[],"NextChoiceId":10,"NextAnswerId":3,"Labels":{"1":{"Display":"Least"},"2":{"Display":"Most"}},"QuestionID":"QID312"}},{"SurveyID":"SV_5dRYJQgLuYUFrMN","Element":"SQ","PrimaryAttribute":"QID215","SecondaryAttribute":"Consider one of the things you believed Eamon could do: ${q:\/\/QID213\/ChoiceTextEntryValue\/4}","TertiaryAttribute":null,"Payload":{"QuestionText":"Consider one of the things you believed Eamon could do:<div><br><\/div><div>${q:\/\/QID213\/ChoiceTextEntryValue\/4}<\/div>","DefaultChoices":false,"DataExportTag":"S9A1","QuestionID":"QID215","QuestionType":"Slider","Selector":"HSLIDER","DataVisibility":{"Private":false,"Hidden":false},"Configuration":{"QuestionDescriptionOption":"UseText","CSSliderMin":0,"CSSliderMax":100,"GridLines":10,"SnapToGrid":false,"NumDecimals":"0","ShowValue":true,"CustomStart":false,"NotApplicable":false,"MobileFirst":true},"QuestionDescription":"Consider one of the things you believed Eamon could do: ${q:\/\/QID213\/ChoiceTextEntryValue\/4}","Choices":{"4":{"Display":"How probable is it that Eamon will do that thing?"},"5":{"Display":"How morally acceptable would it be for Eamon to do that thing?"},"6":{"Display":"How normal would it be if Eamon did that thing?"}},"ChoiceOrder":["4","5","6"],"Validation":{"Settings":{"ForceResponse":"OFF","ForceResponseType":"ON","Type":"None"}},"GradingData":[],"Language":[],"NextChoiceId":7,"NextAnswerId":3,"Labels":{"1":{"Display":"Least"},"2":{"Display":"Most"}}}},{"SurveyID":"SV_5dRYJQgLuYUFrMN","Element":"SQ","PrimaryAttribute":"QID317","SecondaryAttribute":"Consider one of the things you believed Eamon could do: ${q:\/\/QID213\/ChoiceTextEntryValue\/5}","TertiaryAttribute":null,"Payload":{"QuestionText":"Consider one of the things you believed Eamon could do:<div><br><\/div><div>${q:\/\/QID213\/ChoiceTextEntryValue\/5}<\/div>","DefaultChoices":false,"DataExportTag":"S9A2","QuestionType":"Slider","Selector":"HSLIDER","DataVisibility":{"Private":false,"Hidden":false},"Configuration":{"QuestionDescriptionOption":"UseText","CSSliderMin":0,"CSSliderMax":100,"GridLines":10,"SnapToGrid":false,"NumDecimals":"0","ShowValue":true,"CustomStart":false,"NotApplicable":false,"MobileFirst":true},"QuestionDescription":"Consider one of the things you believed Eamon could do: ${q:\/\/QID213\/ChoiceTextEntryValue\/5}","Choices":{"4":{"Display":"How probable is it that Eamon will do that thing?"},"5":{"Display":"How morally acceptable would it be for Eamon to do that thing?"},"6":{"Display":"How normal would it be if Eamon did that thing?"}},"ChoiceOrder":["4","5","6"],"Validation":{"Settings":{"ForceResponse":"OFF","ForceResponseType":"ON","Type":"None"}},"GradingData":[],"Language":[],"NextChoiceId":7,"NextAnswerId":3,"Labels":{"1":{"Display":"Least"},"2":{"Display":"Most"}},"QuestionID":"QID317"}},{"SurveyID":"SV_5dRYJQgLuYUFrMN","Element":"SQ","PrimaryAttribute":"QID318","SecondaryAttribute":"Consider one of the things you believed Eamon could do: ${q:\/\/QID213\/ChoiceTextEntryValue\/6}","TertiaryAttribute":null,"Payload":{"QuestionText":"Consider one of the things you believed Eamon could do:<div><br><\/div><div>${q:\/\/QID213\/ChoiceTextEntryValue\/6}<\/div>","DefaultChoices":false,"DataExportTag":"S9A3","QuestionType":"Slider","Selector":"HSLIDER","DataVisibility":{"Private":false,"Hidden":false},"Configuration":{"QuestionDescriptionOption":"UseText","CSSliderMin":0,"CSSliderMax":100,"GridLines":10,"SnapToGrid":false,"NumDecimals":"0","ShowValue":true,"CustomStart":false,"NotApplicable":false,"MobileFirst":true},"QuestionDescription":"Consider one of the things you believed Eamon could do: ${q:\/\/QID213\/ChoiceTextEntryValue\/6}","Choices":{"4":{"Display":"How probable is it that Eamon will do that thing?"},"5":{"Display":"How morally acceptable would it be for Eamon to do that thing?"},"6":{"Display":"How normal would it be if Eamon did that thing?"}},"ChoiceOrder":["4","5","6"],"Validation":{"Settings":{"ForceResponse":"OFF","ForceResponseType":"ON","Type":"None"}},"GradingData":[],"Language":[],"NextChoiceId":7,"NextAnswerId":3,"Labels":{"1":{"Display":"Least"},"2":{"Display":"Most"}},"QuestionID":"QID318"}},{"SurveyID":"SV_5dRYJQgLuYUFrMN","Element":"SQ","PrimaryAttribute":"QID319","SecondaryAttribute":"Consider one of the things you believed Eamon could do: ${q:\/\/QID213\/ChoiceTextEntryValue\/7}","TertiaryAttribute":null,"Payload":{"QuestionText":"Consider one of the things you believed Eamon could do:<div><br><\/div><div>${q:\/\/QID213\/ChoiceTextEntryValue\/7}<\/div>","DefaultChoices":false,"DataExportTag":"S9A4","QuestionType":"Slider","Selector":"HSLIDER","DataVisibility":{"Private":false,"Hidden":false},"Configuration":{"QuestionDescriptionOption":"UseText","CSSliderMin":0,"CSSliderMax":100,"GridLines":10,"SnapToGrid":false,"NumDecimals":"0","ShowValue":true,"CustomStart":false,"NotApplicable":false,"MobileFirst":true},"QuestionDescription":"Consider one of the things you believed Eamon could do: ${q:\/\/QID213\/ChoiceTextEntryValue\/7}","Choices":{"4":{"Display":"How probable is it that Eamon will do that thing?"},"5":{"Display":"How morally acceptable would it be for Eamon to do that thing?"},"6":{"Display":"How normal would it be if Eamon did that thing?"}},"ChoiceOrder":["4","5","6"],"Validation":{"Settings":{"ForceResponse":"OFF","ForceResponseType":"ON","Type":"None"}},"GradingData":[],"Language":[],"NextChoiceId":7,"NextAnswerId":3,"Labels":{"1":{"Display":"Least"},"2":{"Display":"Most"}},"QuestionID":"QID319"}},{"SurveyID":"SV_5dRYJQgLuYUFrMN","Element":"SQ","PrimaryAttribute":"QID320","SecondaryAttribute":"Consider one of the things you believed Eamon could do: ${q:\/\/QID213\/ChoiceTextEntryValue\/8}","TertiaryAttribute":null,"Payload":{"QuestionText":"Consider one of the things you believed Eamon could do:<div><br><\/div><div>${q:\/\/QID213\/ChoiceTextEntryValue\/8}<\/div>","DefaultChoices":false,"DataExportTag":"S9A5","QuestionType":"Slider","Selector":"HSLIDER","DataVisibility":{"Private":false,"Hidden":false},"Configuration":{"QuestionDescriptionOption":"UseText","CSSliderMin":0,"CSSliderMax":100,"GridLines":10,"SnapToGrid":false,"NumDecimals":"0","ShowValue":true,"CustomStart":false,"NotApplicable":false,"MobileFirst":true},"QuestionDescription":"Consider one of the things you believed Eamon could do: ${q:\/\/QID213\/ChoiceTextEntryValue\/8}","Choices":{"4":{"Display":"How probable is it that Eamon will do that thing?"},"5":{"Display":"How morally acceptable would it be for Eamon to do that thing?"},"6":{"Display":"How normal would it be if Eamon did that thing?"}},"ChoiceOrder":["4","5","6"],"Validation":{"Settings":{"ForceResponse":"OFF","ForceResponseType":"ON","Type":"None"}},"GradingData":[],"Language":[],"NextChoiceId":7,"NextAnswerId":3,"Labels":{"1":{"Display":"Least"},"2":{"Display":"Most"}},"QuestionID":"QID320"}},{"SurveyID":"SV_5dRYJQgLuYUFrMN","Element":"SQ","PrimaryAttribute":"QID261","SecondaryAttribute":"Consider one of the things you believed Erica could do: ${q:\/\/QID259\/ChoiceTextEntryValue\/4}","TertiaryAttribute":null,"Payload":{"QuestionText":"Consider one of the things you believed Erica could do:<div><br><\/div><div>${q:\/\/QID259\/ChoiceTextEntryValue\/4}<\/div>","DefaultChoices":false,"DataExportTag":"S11A1","QuestionID":"QID261","QuestionType":"Slider","Selector":"HSLIDER","DataVisibility":{"Private":false,"Hidden":false},"Configuration":{"QuestionDescriptionOption":"UseText","CSSliderMin":0,"CSSliderMax":100,"GridLines":10,"SnapToGrid":false,"NumDecimals":"0","ShowValue":true,"CustomStart":false,"NotApplicable":false,"MobileFirst":true},"QuestionDescription":"Consider one of the things you believed Erica could do: ${q:\/\/QID259\/ChoiceTextEntryValue\/4}","Choices":{"4":{"Display":"How probable is it that Erica will do that thing?"},"5":{"Display":"How morally acceptable would it be for Erica to do that thing?"},"6":{"Display":"How normal would it be if Erica did that thing?"}},"ChoiceOrder":["4","5","6"],"Validation":{"Settings":{"ForceResponse":"OFF","ForceResponseType":"ON","Type":"None"}},"GradingData":[],"Language":[],"NextChoiceId":7,"NextAnswerId":3,"Labels":{"1":{"Display":"Least"},"2":{"Display":"Most"}}}},{"SurveyID":"SV_5dRYJQgLuYUFrMN","Element":"SQ","PrimaryAttribute":"QID325","SecondaryAttribute":"Consider one of the things you believed Erica could do: ${q:\/\/QID259\/ChoiceTextEntryValue\/5}","TertiaryAttribute":null,"Payload":{"QuestionText":"Consider one of the things you believed Erica could do:<div><br><\/div><div>${q:\/\/QID259\/ChoiceTextEntryValue\/5}<\/div>","DefaultChoices":false,"DataExportTag":"S11A2","QuestionType":"Slider","Selector":"HSLIDER","DataVisibility":{"Private":false,"Hidden":false},"Configuration":{"QuestionDescriptionOption":"UseText","CSSliderMin":0,"CSSliderMax":100,"GridLines":10,"SnapToGrid":false,"NumDecimals":"0","ShowValue":true,"CustomStart":false,"NotApplicable":false,"MobileFirst":true},"QuestionDescription":"Consider one of the things you believed Erica could do: ${q:\/\/QID259\/ChoiceTextEntryValue\/5}","Choices":{"4":{"Display":"How probable is it that Erica will do that thing?"},"5":{"Display":"How morally acceptable would it be for Erica to do that thing?"},"6":{"Display":"How normal would it be if Erica did that thing?"}},"ChoiceOrder":["4","5","6"],"Validation":{"Settings":{"ForceResponse":"OFF","ForceResponseType":"ON","Type":"None"}},"GradingData":[],"Language":[],"NextChoiceId":7,"NextAnswerId":3,"Labels":{"1":{"Display":"Least"},"2":{"Display":"Most"}},"QuestionID":"QID325"}},{"SurveyID":"SV_5dRYJQgLuYUFrMN","Element":"SQ","PrimaryAttribute":"QID327","SecondaryAttribute":"Consider one of the things you believed Erica could do: ${q:\/\/QID259\/ChoiceTextEntryValue\/6}","TertiaryAttribute":null,"Payload":{"QuestionText":"Consider one of the things you believed Erica could do:<div><br><\/div><div>${q:\/\/QID259\/ChoiceTextEntryValue\/6}<\/div>","DefaultChoices":false,"DataExportTag":"S11A3","QuestionType":"Slider","Selector":"HSLIDER","DataVisibility":{"Private":false,"Hidden":false},"Configuration":{"QuestionDescriptionOption":"UseText","CSSliderMin":0,"CSSliderMax":100,"GridLines":10,"SnapToGrid":false,"NumDecimals":"0","ShowValue":true,"CustomStart":false,"NotApplicable":false,"MobileFirst":true},"QuestionDescription":"Consider one of the things you believed Erica could do: ${q:\/\/QID259\/ChoiceTextEntryValue\/6}","Choices":{"4":{"Display":"How probable is it that Erica will do that thing?"},"5":{"Display":"How morally acceptable would it be for Erica to do that thing?"},"6":{"Display":"How normal would it be if Erica did that thing?"}},"ChoiceOrder":["4","5","6"],"Validation":{"Settings":{"ForceResponse":"OFF","ForceResponseType":"ON","Type":"None"}},"GradingData":[],"Language":[],"NextChoiceId":7,"NextAnswerId":3,"Labels":{"1":{"Display":"Least"},"2":{"Display":"Most"}},"QuestionID":"QID327"}},{"SurveyID":"SV_5dRYJQgLuYUFrMN","Element":"SQ","PrimaryAttribute":"QID328","SecondaryAttribute":"Consider one of the things you believed Erica could do: ${q:\/\/QID259\/ChoiceTextEntryValue\/7}","TertiaryAttribute":null,"Payload":{"QuestionText":"Consider one of the things you believed Erica could do:<div><br><\/div><div>${q:\/\/QID259\/ChoiceTextEntryValue\/7}<\/div>","DefaultChoices":false,"DataExportTag":"S11A4","QuestionType":"Slider","Selector":"HSLIDER","DataVisibility":{"Private":false,"Hidden":false},"Configuration":{"QuestionDescriptionOption":"UseText","CSSliderMin":0,"CSSliderMax":100,"GridLines":10,"SnapToGrid":false,"NumDecimals":"0","ShowValue":true,"CustomStart":false,"NotApplicable":false,"MobileFirst":true},"QuestionDescription":"Consider one of the things you believed Erica could do: ${q:\/\/QID259\/ChoiceTextEntryValue\/7}","Choices":{"4":{"Display":"How probable is it that Erica will do that thing?"},"5":{"Display":"How morally acceptable would it be for Erica to do that thing?"},"6":{"Display":"How normal would it be if Erica did that thing?"}},"ChoiceOrder":["4","5","6"],"Validation":{"Settings":{"ForceResponse":"OFF","ForceResponseType":"ON","Type":"None"}},"GradingData":[],"Language":[],"NextChoiceId":7,"NextAnswerId":3,"Labels":{"1":{"Display":"Least"},"2":{"Display":"Most"}},"QuestionID":"QID328"}},{"SurveyID":"SV_5dRYJQgLuYUFrMN","Element":"SQ","PrimaryAttribute":"QID326","SecondaryAttribute":"Consider one of the things you believed Erica could do: ${q:\/\/QID259\/ChoiceTextEntryValue\/8}","TertiaryAttribute":null,"Payload":{"QuestionText":"Consider one of the things you believed Erica could do:<div><br><\/div><div>${q:\/\/QID259\/ChoiceTextEntryValue\/8}<\/div>","DefaultChoices":false,"DataExportTag":"S11A5","QuestionType":"Slider","Selector":"HSLIDER","DataVisibility":{"Private":false,"Hidden":false},"Configuration":{"QuestionDescriptionOption":"UseText","CSSliderMin":0,"CSSliderMax":100,"GridLines":10,"SnapToGrid":false,"NumDecimals":"0","ShowValue":true,"CustomStart":false,"NotApplicable":false,"MobileFirst":true},"QuestionDescription":"Consider one of the things you believed Erica could do: ${q:\/\/QID259\/ChoiceTextEntryValue\/8}","Choices":{"4":{"Display":"How probable is it that Erica will do that thing?"},"5":{"Display":"How morally acceptable would it be for Erica to do that thing?"},"6":{"Display":"How normal would it be if Erica did that thing?"}},"ChoiceOrder":["4","5","6"],"Validation":{"Settings":{"ForceResponse":"OFF","ForceResponseType":"ON","Type":"None"}},"GradingData":[],"Language":[],"NextChoiceId":7,"NextAnswerId":3,"Labels":{"1":{"Display":"Least"},"2":{"Display":"Most"}},"QuestionID":"QID326"}},{"SurveyID":"SV_5dRYJQgLuYUFrMN","Element":"SQ","PrimaryAttribute":"QID192","SecondaryAttribute":"Consider one of the things you believed Eunice could do: ${q:\/\/QID190\/ChoiceTextEntryValue\/4}","TertiaryAttribute":null,"Payload":{"QuestionText":"Consider one of the things you believed Eunice could do:<div><br><\/div><div>${q:\/\/QID190\/ChoiceTextEntryValue\/4}<\/div>","DefaultChoices":false,"DataExportTag":"S8A1","QuestionID":"QID192","QuestionType":"Slider","Selector":"HSLIDER","DataVisibility":{"Private":false,"Hidden":false},"Configuration":{"QuestionDescriptionOption":"UseText","CSSliderMin":0,"CSSliderMax":100,"GridLines":10,"SnapToGrid":false,"NumDecimals":"0","ShowValue":true,"CustomStart":false,"NotApplicable":false,"MobileFirst":true},"QuestionDescription":"Consider one of the things you believed Eunice could do: ${q:\/\/QID190\/ChoiceTextEntryValue\/4}","Choices":{"4":{"Display":"How probable is it that Eunice will do that thing?"},"5":{"Display":"How morally acceptable would it be for Eunice to do that thing?"},"6":{"Display":"How normal would it be if Eunice did that thing?"}},"ChoiceOrder":["4","5","6"],"Validation":{"Settings":{"ForceResponse":"OFF","ForceResponseType":"ON","Type":"None"}},"GradingData":[],"Language":[],"NextChoiceId":7,"NextAnswerId":3,"Labels":{"1":{"Display":"Least"},"2":{"Display":"Most"}}}},{"SurveyID":"SV_5dRYJQgLuYUFrMN","Element":"SQ","PrimaryAttribute":"QID313","SecondaryAttribute":"Consider one of the things you believed Eunice could do: ${q:\/\/QID190\/ChoiceTextEntryValue\/5}","TertiaryAttribute":null,"Payload":{"QuestionText":"Consider one of the things you believed Eunice could do:<div><br><\/div><div>${q:\/\/QID190\/ChoiceTextEntryValue\/5}<\/div>","DefaultChoices":false,"DataExportTag":"S8A2","QuestionType":"Slider","Selector":"HSLIDER","DataVisibility":{"Private":false,"Hidden":false},"Configuration":{"QuestionDescriptionOption":"UseText","CSSliderMin":0,"CSSliderMax":100,"GridLines":10,"SnapToGrid":false,"NumDecimals":"0","ShowValue":true,"CustomStart":false,"NotApplicable":false,"MobileFirst":true},"QuestionDescription":"Consider one of the things you believed Eunice could do: ${q:\/\/QID190\/ChoiceTextEntryValue\/5}","Choices":{"4":{"Display":"How probable is it that Eunice will do that thing?"},"5":{"Display":"How morally acceptable would it be for Eunice to do that thing?"},"6":{"Display":"How normal would it be if Eunice did that thing?"}},"ChoiceOrder":["4","5","6"],"Validation":{"Settings":{"ForceResponse":"OFF","ForceResponseType":"ON","Type":"None"}},"GradingData":[],"Language":[],"NextChoiceId":7,"NextAnswerId":3,"Labels":{"1":{"Display":"Least"},"2":{"Display":"Most"}},"QuestionID":"QID313"}},{"SurveyID":"SV_5dRYJQgLuYUFrMN","Element":"SQ","PrimaryAttribute":"QID314","SecondaryAttribute":"Consider one of the things you believed Eunice could do: ${q:\/\/QID190\/ChoiceTextEntryValue\/6}","TertiaryAttribute":null,"Payload":{"QuestionText":"Consider one of the things you believed Eunice could do:<div><br><\/div><div>${q:\/\/QID190\/ChoiceTextEntryValue\/6}<\/div>","DefaultChoices":false,"DataExportTag":"S8A3","QuestionType":"Slider","Selector":"HSLIDER","DataVisibility":{"Private":false,"Hidden":false},"Configuration":{"QuestionDescriptionOption":"UseText","CSSliderMin":0,"CSSliderMax":100,"GridLines":10,"SnapToGrid":false,"NumDecimals":"0","ShowValue":true,"CustomStart":false,"NotApplicable":false,"MobileFirst":true},"QuestionDescription":"Consider one of the things you believed Eunice could do: ${q:\/\/QID190\/ChoiceTextEntryValue\/6}","Choices":{"4":{"Display":"How probable is it that Eunice will do that thing?"},"5":{"Display":"How morally acceptable would it be for Eunice to do that thing?"},"6":{"Display":"How normal would it be if Eunice did that thing?"}},"ChoiceOrder":["4","5","6"],"Validation":{"Settings":{"ForceResponse":"OFF","ForceResponseType":"ON","Type":"None"}},"GradingData":[],"Language":[],"NextChoiceId":7,"NextAnswerId":3,"Labels":{"1":{"Display":"Least"},"2":{"Display":"Most"}},"QuestionID":"QID314"}},{"SurveyID":"SV_5dRYJQgLuYUFrMN","Element":"SQ","PrimaryAttribute":"QID315","SecondaryAttribute":"Consider one of the things you believed Eunice could do: ${q:\/\/QID190\/ChoiceTextEntryValue\/7}","TertiaryAttribute":null,"Payload":{"QuestionText":"Consider one of the things you believed Eunice could do:<div><br><\/div><div>${q:\/\/QID190\/ChoiceTextEntryValue\/7}<\/div>","DefaultChoices":false,"DataExportTag":"S8A4","QuestionType":"Slider","Selector":"HSLIDER","DataVisibility":{"Private":false,"Hidden":false},"Configuration":{"QuestionDescriptionOption":"UseText","CSSliderMin":0,"CSSliderMax":100,"GridLines":10,"SnapToGrid":false,"NumDecimals":"0","ShowValue":true,"CustomStart":false,"NotApplicable":false,"MobileFirst":true},"QuestionDescription":"Consider one of the things you believed Eunice could do: ${q:\/\/QID190\/ChoiceTextEntryValue\/7}","Choices":{"4":{"Display":"How probable is it that Eunice will do that thing?"},"5":{"Display":"How morally acceptable would it be for Eunice to do that thing?"},"6":{"Display":"How normal would it be if Eunice did that thing?"}},"ChoiceOrder":["4","5","6"],"Validation":{"Settings":{"ForceResponse":"OFF","ForceResponseType":"ON","Type":"None"}},"GradingData":[],"Language":[],"NextChoiceId":7,"NextAnswerId":3,"Labels":{"1":{"Display":"Least"},"2":{"Display":"Most"}},"QuestionID":"QID315"}},{"SurveyID":"SV_5dRYJQgLuYUFrMN","Element":"SQ","PrimaryAttribute":"QID316","SecondaryAttribute":"Consider one of the things you believed Eunice could do: ${q:\/\/QID190\/ChoiceTextEntryValue\/8}","TertiaryAttribute":null,"Payload":{"QuestionText":"Consider one of the things you believed Eunice could do:<div><br><\/div><div>${q:\/\/QID190\/ChoiceTextEntryValue\/8}<\/div>","DefaultChoices":false,"DataExportTag":"S8A5","QuestionType":"Slider","Selector":"HSLIDER","DataVisibility":{"Private":false,"Hidden":false},"Configuration":{"QuestionDescriptionOption":"UseText","CSSliderMin":0,"CSSliderMax":100,"GridLines":10,"SnapToGrid":false,"NumDecimals":"0","ShowValue":true,"CustomStart":false,"NotApplicable":false,"MobileFirst":true},"QuestionDescription":"Consider one of the things you believed Eunice could do: ${q:\/\/QID190\/ChoiceTextEntryValue\/8}","Choices":{"4":{"Display":"How probable is it that Eunice will do that thing?"},"5":{"Display":"How morally acceptable would it be for Eunice to do that thing?"},"6":{"Display":"How normal would it be if Eunice did that thing?"}},"ChoiceOrder":["4","5","6"],"Validation":{"Settings":{"ForceResponse":"OFF","ForceResponseType":"ON","Type":"None"}},"GradingData":[],"Language":[],"NextChoiceId":7,"NextAnswerId":3,"Labels":{"1":{"Display":"Least"},"2":{"Display":"Most"}},"QuestionID":"QID316"}},{"SurveyID":"SV_5dRYJQgLuYUFrMN","Element":"SQ","PrimaryAttribute":"QID236","SecondaryAttribute":"In this situation, what are some things you believe Cameron could do? Please list 5","TertiaryAttribute":null,"Payload":{"QuestionText":"In this situation, what are some things you believe Cameron could do? Please list 5","DefaultChoices":false,"QuestionType":"TE","Selector":"FORM","Configuration":{"QuestionDescriptionOption":"UseText"},"QuestionDescription":"In this situation, what are some things you believe Cameron could do? Please list 5","Validation":{"Settings":{"ForceResponse":"ON","ForceResponseType":"ON","Type":null}},"GradingData":[],"Language":[],"NextChoiceId":9,"NextAnswerId":1,"SearchSource":{"AllowFreeResponse":"false"},"DataVisibility":{"Private":false,"Hidden":false},"Choices":{"4":{"Display":"&nbsp;","TextEntry":"on","TextEntryLength":"Long","TextEntryValidation":"ForceResponse"},"5":{"Display":"&nbsp;","TextEntry":"on","TextEntryLength":"Long","TextEntryValidation":"ForceResponse"},"6":{"Display":"&nbsp;","TextEntry":"on","TextEntryLength":"Long","TextEntryValidation":"ForceResponse"},"7":{"Display":"&nbsp;","TextEntry":"on","TextEntryLength":"Long"},"8":{"Display":"&nbsp;","TextEntry":"on","TextEntryLength":"Long"}},"ChoiceOrder":["4","5","6","7","8"],"QuestionText_Unsafe":"In this situation, what are some things you believe Brian could do? Please list as many as you can think of (at least 3)","DataExportTag":"S10-FR","QuestionID":"QID236"}},{"SurveyID":"SV_5dRYJQgLuYUFrMN","Element":"SQ","PrimaryAttribute":"QID282","SecondaryAttribute":"In this situation, what are some things you believe Carl could do? Please list 5","TertiaryAttribute":null,"Payload":{"QuestionText":"In this situation, what are some things you believe Carl could do? Please list 5","DefaultChoices":false,"QuestionType":"TE","Selector":"FORM","Configuration":{"QuestionDescriptionOption":"UseText"},"QuestionDescription":"In this situation, what are some things you believe Carl could do? Please list 5","Validation":{"Settings":{"ForceResponse":"ON","ForceResponseType":"ON","Type":null}},"GradingData":[],"Language":[],"NextChoiceId":9,"NextAnswerId":1,"SearchSource":{"AllowFreeResponse":"false"},"DataVisibility":{"Private":false,"Hidden":false},"Choices":{"4":{"Display":"&nbsp;","TextEntry":"on","TextEntryLength":"Long","TextEntryValidation":"ForceResponse"},"5":{"Display":"&nbsp;","TextEntry":"on","TextEntryLength":"Long","TextEntryValidation":"ForceResponse"},"6":{"Display":"&nbsp;","TextEntry":"on","TextEntryLength":"Long","TextEntryValidation":"ForceResponse"},"7":{"Display":"&nbsp;","TextEntry":"on","TextEntryLength":"Long"},"8":{"Display":"&nbsp;","TextEntry":"on","TextEntryLength":"Long"}},"ChoiceOrder":["4","5","6","7","8"],"QuestionText_Unsafe":"In this situation, what are some things you believe Mary could do? Please list as many as you can think of (at least 3)","DataExportTag":"S12-FR","QuestionID":"QID282"}},{"SurveyID":"SV_5dRYJQgLuYUFrMN","Element":"SQ","PrimaryAttribute":"QID162","SecondaryAttribute":"In this situation, what are some things you believe Darya could do? Please list 5","TertiaryAttribute":null,"Payload":{"QuestionText":"In this situation, what are some things you believe Darya could do? Please list 5","DefaultChoices":false,"DataExportTag":"S7-FR","QuestionType":"TE","Selector":"FORM","Configuration":{"QuestionDescriptionOption":"UseText"},"QuestionDescription":"In this situation, what are some things you believe Darya could do? Please list 5","Validation":{"Settings":{"ForceResponse":"ON","ForceResponseType":"ON","Type":"None"}},"GradingData":[],"Language":[],"NextChoiceId":9,"NextAnswerId":1,"SearchSource":{"AllowFreeResponse":"false"},"QuestionID":"QID162","DataVisibility":{"Private":false,"Hidden":false},"Choices":{"4":{"Display":"&nbsp;","TextEntry":"on","TextEntryLength":"Long","TextEntryValidation":"ForceResponse"},"5":{"Display":"&nbsp;","TextEntry":"on","TextEntryLength":"Long","TextEntryValidation":"ForceResponse"},"6":{"Display":"&nbsp;","TextEntry":"on","TextEntryLength":"Long","TextEntryValidation":"ForceResponse"},"7":{"Display":"&nbsp;","TextEntry":"on","TextEntryLength":"Long"},"8":{"Display":"&nbsp;","TextEntry":"on","TextEntryLength":"Long"}},"ChoiceOrder":["4","5","6","7","8"]}},{"SurveyID":"SV_5dRYJQgLuYUFrMN","Element":"SQ","PrimaryAttribute":"QID213","SecondaryAttribute":"In this situation, what are some things you believe Eamon could do? Please list 5","TertiaryAttribute":null,"Payload":{"QuestionText":"In this situation, what are some things you believe Eamon could do? Please list 5","DefaultChoices":false,"QuestionType":"TE","Selector":"FORM","Configuration":{"QuestionDescriptionOption":"UseText"},"QuestionDescription":"In this situation, what are some things you believe Eamon could do? Please list 5","Validation":{"Settings":{"ForceResponse":"ON","ForceResponseType":"ON","Type":null}},"GradingData":[],"Language":[],"NextChoiceId":9,"NextAnswerId":1,"SearchSource":{"AllowFreeResponse":"false"},"DataVisibility":{"Private":false,"Hidden":false},"Choices":{"4":{"Display":"&nbsp;","TextEntry":"on","TextEntryLength":"Long","TextEntryValidation":"ForceResponse"},"5":{"Display":"&nbsp;","TextEntry":"on","TextEntryLength":"Long","TextEntryValidation":"ForceResponse"},"6":{"Display":"&nbsp;","TextEntry":"on","TextEntryLength":"Long","TextEntryValidation":"ForceResponse"},"7":{"Display":"&nbsp;","TextEntry":"on","TextEntryLength":"Long"},"8":{"Display":"&nbsp;","TextEntry":"on","TextEntryLength":"Long"}},"ChoiceOrder":["4","5","6","7","8"],"QuestionText_Unsafe":"In this situation, what are some things you believe Josh could do? Please list as many as you can think of (at least 3)","DataExportTag":"S9-FR","QuestionID":"QID213"}},{"SurveyID":"SV_5dRYJQgLuYUFrMN","Element":"SQ","PrimaryAttribute":"QID259","SecondaryAttribute":"In this situation, what are some things you believe Erica could do? Please list 5","TertiaryAttribute":null,"Payload":{"QuestionText":"In this situation, what are some things you believe Erica could do? Please list 5","DefaultChoices":false,"QuestionType":"TE","Selector":"FORM","Configuration":{"QuestionDescriptionOption":"UseText"},"QuestionDescription":"In this situation, what are some things you believe Erica could do? Please list 5","Validation":{"Settings":{"ForceResponse":"ON","ForceResponseType":"ON","Type":null}},"GradingData":[],"Language":[],"NextChoiceId":9,"NextAnswerId":1,"SearchSource":{"AllowFreeResponse":"false"},"DataVisibility":{"Private":false,"Hidden":false},"Choices":{"4":{"Display":"&nbsp;","TextEntry":"on","TextEntryLength":"Long","TextEntryValidation":"ForceResponse"},"5":{"Display":"&nbsp;","TextEntry":"on","TextEntryLength":"Long","TextEntryValidation":"ForceResponse"},"6":{"Display":"&nbsp;","TextEntry":"on","TextEntryLength":"Long","TextEntryValidation":"ForceResponse"},"7":{"Display":"&nbsp;","TextEntry":"on","TextEntryLength":"Long"},"8":{"Display":"&nbsp;","TextEntry":"on","TextEntryLength":"Long"}},"ChoiceOrder":["4","5","6","7","8"],"QuestionText_Unsafe":"In this situation, what are some things you believe Liz could do? Please list as many as you can think of (at least 3)","DataExportTag":"S11-FR","QuestionID":"QID259"}},{"SurveyID":"SV_5dRYJQgLuYUFrMN","Element":"SQ","PrimaryAttribute":"QID190","SecondaryAttribute":"In this situation, what are some things you believe Eunice could do? Please list 5","TertiaryAttribute":null,"Payload":{"QuestionText":"In this situation, what are some things you believe Eunice could do? Please list 5","DefaultChoices":false,"QuestionType":"TE","Selector":"FORM","Configuration":{"QuestionDescriptionOption":"UseText"},"QuestionDescription":"In this situation, what are some things you believe Eunice could do? Please list 5","Validation":{"Settings":{"ForceResponse":"ON","ForceResponseType":"ON","Type":null}},"GradingData":[],"Language":[],"NextChoiceId":9,"NextAnswerId":1,"SearchSource":{"AllowFreeResponse":"false"},"DataVisibility":{"Private":false,"Hidden":false},"Choices":{"4":{"Display":"&nbsp;","TextEntry":"on","TextEntryLength":"Long","TextEntryValidation":"ForceResponse"},"5":{"Display":"&nbsp;","TextEntry":"on","TextEntryLength":"Long","TextEntryValidation":"ForceResponse"},"6":{"Display":"&nbsp;","TextEntry":"on","TextEntryLength":"Long","TextEntryValidation":"ForceResponse"},"7":{"Display":"&nbsp;","TextEntry":"on","TextEntryLength":"Long"},"8":{"Display":"&nbsp;","TextEntry":"on","TextEntryLength":"Long"}},"ChoiceOrder":["4","5","6","7","8"],"QuestionText_Unsafe":"In this situation, what are some things you believe Heinz could do? Please list as many as you can think of (at least 3)","DataExportTag":"S8-FR","QuestionID":"QID190"}},{"SurveyID":"SV_5dRYJQgLuYUFrMN","Element":"SQ","PrimaryAttribute":"QID17","SecondaryAttribute":"In this study, you'll read four short stories and then be asked a simple question about the story...","TertiaryAttribute":null,"Payload":{"QuestionText":"<span style=\"font-family:times new roman,times,serif;\"><span style=\"font-size:16px;\">In this study, you'll read four short stories and then be asked a simple question about the story.<br>\n<br>\nPlease read carefully.<\/span><\/span>","DefaultChoices":false,"DataExportTag":"Instr","QuestionType":"DB","Selector":"TB","Configuration":{"QuestionDescriptionOption":"UseText"},"QuestionDescription":"In this study, you'll read four short stories and then be asked a simple question about the story...","ChoiceOrder":[],"Validation":{"Settings":{"Type":"None"}},"GradingData":[],"Language":[],"QuestionID":"QID17","DataVisibility":{"Private":false,"Hidden":false},"NextChoiceId":1,"NextAnswerId":1}},{"SurveyID":"SV_5dRYJQgLuYUFrMN","Element":"SQ","PrimaryAttribute":"QID1","SecondaryAttribute":"Please consider this information carefully before deciding whether to participate in this researc...","TertiaryAttribute":null,"Payload":{"QuestionText":"<div style=\"text-align: center;\">Please consider this information carefully before deciding whether to participate in this research.<\/div>\n\n<p><br>\nThe purpose of this research is to examine which factors influence social judgment and decision-making.&nbsp;You will be asked to make judgments about individuals and actions in social scenarios. We are simply interested in your judgment. The study will take less than 12 minutes to complete, and you will receive $2.00 on Amazon Mechanical Turk. There are no anticipated risks associated with participating&nbsp;in this study. The effects of participating should be comparable to those you would ordinarily experience&nbsp;from viewing a computer monitor and using a mouse or keyboard for a similar amount of time. At the end&nbsp;of the study, we will provide an explanation of the questions that motivate this line of research and will&nbsp;describe the potential implications.<br>\n<br>\nYour participation in this study is completely voluntary and you may refuse to participate or you may &nbsp;choose to withdraw at any time without penalty or loss of benefits to which you are otherwise entitled.&nbsp;Your participation in this study will remain confidential. No personally identifiable information will be&nbsp;associated with your data. Also, all analyses of the data will be averaged across all the participants, so your&nbsp;individual responses will never be specifically analyzed.&nbsp;<br>\n<br>\nIf you have questions or concerns about your participation or payment or want to request a summary&nbsp;of research findings, please contact the research manager: Josiah Nunziato, nunziato@fas.harvard.edu,&nbsp;(617) 495-3177. For any other problems related to this study, you may also contact the faculty member&nbsp;supervising this work: Fiery Cushman, cushman@fas.harvard.edu.<br>\n<br>\nFor questions, concerns, suggestions, or complaints that have not been or cannot be addressed by the&nbsp;researcher, or to report research-related harm, please contact the Committee on the Use of Human Subjects&nbsp;in Research at Harvard University, 1414 Massachusetts Avenue, Second Floor, Cambridge, MA 02138.&nbsp;Phone: 617-496-2847. Email: cuhs@fas.harvard.edu<br>\n<br>\nPlease print or save a copy of this form for your records.<\/p>\n\n<p style=\"text-align: center;\"><br>\nAgreement:&nbsp;<\/p>\n\n<p><br>\nThe nature and purpose of this research have been sufficiently explained and I agree to participate in&nbsp;this study. I understand that I am free to withdraw at any time without incurring any penalty.Please consent by clicking the button below to continue. Otherwise, please exit the study at this time.<\/p>","DefaultChoices":false,"DataExportTag":"Consent","QuestionType":"DB","Selector":"TB","Configuration":{"QuestionDescriptionOption":"UseText"},"QuestionDescription":"Please consider this information carefully before deciding whether to participate in this researc...","ChoiceOrder":[],"Validation":{"Settings":{"Type":"None"}},"GradingData":[],"Language":[],"QuestionID":"QID1","DataVisibility":{"Private":false,"Hidden":false},"NextChoiceId":1,"NextAnswerId":1}},{"SurveyID":"SV_5dRYJQgLuYUFrMN","Element":"SQ","PrimaryAttribute":"QID92","SecondaryAttribute":"Please indicate the highest level of education completed.","TertiaryAttribute":null,"Payload":{"QuestionText":"Please indicate the highest level of education completed.","DataExportTag":"education","QuestionType":"MC","Selector":"SAVR","SubSelector":"TX","Configuration":{"QuestionDescriptionOption":"UseText"},"QuestionDescription":"Please indicate the highest level of education completed.","Choices":{"1":{"Display":"Grammar School"},"2":{"Display":"High School or equivalent"},"3":{"Display":"Vocational\/Technical School (2 year)"},"4":{"Display":"Some College"},"5":{"Display":"College Graduate (4 year)"},"6":{"Display":"Master's Degree (MS)"},"7":{"Display":"Doctoral Degree (PhD)"},"8":{"Display":"Professional Degree (MD, JD, etc.)"},"9":{"Display":"Other"}},"ChoiceOrder":["1","2","3","4","5","6","7","8","9"],"Randomization":{"Type":"None"},"Validation":{"Settings":{"ForceResponseType":"ON"}},"VariableNaming":{"1":"Grammar School","2":"High School or equivalent","3":"Vocational\/Technical School (2 year)","4":"Some College","5":"College Graduate (4 year)","6":"Master's Degree (MS)","7":"Doctoral Degree (PhD)","8":"Professional Degree (MD, JD, etc.)","9":"Other"},"Language":[],"QuestionID":"QID92"}},{"SurveyID":"SV_5dRYJQgLuYUFrMN","Element":"SQ","PrimaryAttribute":"QID235","SecondaryAttribute":"Please read the following scenario: Cameron is filling up his car at a gas station on his way hom...","TertiaryAttribute":null,"Payload":{"QuestionText":"<p><span style=\"caret-color: rgb(0, 0, 0); color: rgb(0, 0, 0); font-family: &quot;Times New Roman&quot;; font-size: 16px; white-space: pre-wrap;\">Please read th<span style=\"font-family:Times New Roman,Times,serif;\">e following scenario:<br>\nCameron is filling up his car at a gas station on his way home from work when a woman approaches him to ask for a ride to a nearby city. The city is in the same direction as his house but it\u2019s 10 miles further than he planned to go.<\/span><\/span><\/p>","DefaultChoices":false,"QuestionType":"DB","Selector":"TB","Configuration":{"QuestionDescriptionOption":"UseText"},"QuestionDescription":"Please read the following scenario: Cameron is filling up his car at a gas station on his way hom...","ChoiceOrder":[],"Validation":{"Settings":{"Type":"None"}},"GradingData":[],"Language":[],"QuestionText_Unsafe":"<p><span style=\"caret-color: rgb(0, 0, 0); color: rgb(0, 0, 0); font-family: &quot;Times New Roman&quot;; font-size: 16px; white-space: pre-wrap;\">Please read the following scenario:<\/span><br><span style=\"caret-color: rgb(0, 0, 0); color: rgb(0, 0, 0); font-family: &quot;Times New Roman&quot;; font-size: 16px; white-space: pre-wrap;\">\nBrian is the evening manager at a bakery. Near the end of the day, he realizes that $50.75 is missing from the register and that he is responsible for accounting for the money at the end of the day. Brian knows he has to make sure the register is balanced or he might lose his job.<\/span><\/p>","DataVisibility":{"Private":false,"Hidden":false},"NextChoiceId":1,"NextAnswerId":1,"DataExportTag":"Scenario10","QuestionID":"QID235"}},{"SurveyID":"SV_5dRYJQgLuYUFrMN","Element":"SQ","PrimaryAttribute":"QID281","SecondaryAttribute":"Please read the following scenario: Carl is a chef on his way to a food festival in Chicago. He i...","TertiaryAttribute":null,"Payload":{"QuestionText":"<p><span style=\"caret-color: rgb(0, 0, 0); color: rgb(0, 0, 0); font-family: &quot;Times New Roman&quot;; font-size: 16px; white-space: pre-wrap;\">Please read the following scenario:<br>\nCarl is a chef on his way to a food festival in Chicago. He is in line to go through security at the airport when he realizes he accidentally brought his favorite chef's knife in his carry-on bag.<\/span><\/p>","DefaultChoices":false,"QuestionType":"DB","Selector":"TB","Configuration":{"QuestionDescriptionOption":"UseText"},"QuestionDescription":"Please read the following scenario: Carl is a chef on his way to a food festival in Chicago. He i...","ChoiceOrder":[],"Validation":{"Settings":{"Type":"None"}},"GradingData":[],"Language":[],"QuestionText_Unsafe":"<p><span style=\"caret-color: rgb(0, 0, 0); color: rgb(0, 0, 0); font-family: &quot;Times New Roman&quot;; font-size: 16px; white-space: pre-wrap;\">Please read the following scenario:<\/span><br><span style=\"caret-color: rgb(0, 0, 0); color: rgb(0, 0, 0); font-family: &quot;Times New Roman&quot;; font-size: 16px; white-space: pre-wrap;\">\nMary is about to go to her final class of the day when she remembers that there is a homework assignment that is due. Mary\u2019s mom accidentally took her homework assignment out of her backpack when she was making room for her lunch. Now Mary has nothing to turn in for credit.<\/span><\/p>","DataVisibility":{"Private":false,"Hidden":false},"NextChoiceId":1,"NextAnswerId":1,"DataExportTag":"Scenario12","QuestionID":"QID281"}},{"SurveyID":"SV_5dRYJQgLuYUFrMN","Element":"SQ","PrimaryAttribute":"QID2","SecondaryAttribute":"Please read the following scenario: Darya is on her way to a concert with her friends. As they ap...","TertiaryAttribute":null,"Payload":{"QuestionText":"<p dir=\"ltr\" style=\"line-height:1.38;margin-top:0pt;margin-bottom:0pt;\"><span style=\"font-size:16px;\"><span id=\"docs-internal-guid-e2e82202-1191-c883-193c-54248306695a\"><span style=\"font-family: 'Times New Roman'; color: rgb(0, 0, 0); vertical-align: baseline; white-space: pre-wrap;\">Please read the following scenario:<\/span><\/span><br \/>\n<br \/>\n<span><span style=\"font-family: 'Times New Roman'; color: rgb(0, 0, 0); vertical-align: baseline; white-space: pre-wrap;\">Darya is on her way to a concert with her friends. As they approach the entrance her friend Ted realizes he forgot his ticket at his house. The concert is about to start and Ted would likely miss most of the concert if he returned to his house for his ticket.<\/span><\/span><\/span><\/p>","DefaultChoices":false,"DataExportTag":"Scenario7","QuestionType":"DB","Selector":"TB","Configuration":{"QuestionDescriptionOption":"UseText"},"QuestionDescription":"Please read the following scenario: Darya is on her way to a concert with her friends. As they ap...","ChoiceOrder":[],"Validation":{"Settings":{"Type":"None"}},"GradingData":[],"Language":[],"QuestionID":"QID2","DataVisibility":{"Private":false,"Hidden":false},"NextChoiceId":1,"NextAnswerId":1}},{"SurveyID":"SV_5dRYJQgLuYUFrMN","Element":"SQ","PrimaryAttribute":"QID212","SecondaryAttribute":"Please read the following scenario: Eamon is driving home on a two-lane road and thinks the drive...","TertiaryAttribute":null,"Payload":{"QuestionText":"<p><span style=\"caret-color: rgb(0, 0, 0); color: rgb(0, 0, 0); font-family: &quot;Times New Roman&quot;; font-size: 16px; white-space: pre-wrap;\">Please read the following scenario:\n\nEamon is driving home on a two-lane road and thinks the driver ahead of him is intoxicated. The car has been slowly drifting between the two lanes and is currently driving in the middle of road.<\/span><\/p>","DefaultChoices":false,"QuestionType":"DB","Selector":"TB","Configuration":{"QuestionDescriptionOption":"UseText"},"QuestionDescription":"Please read the following scenario: Eamon is driving home on a two-lane road and thinks the drive...","ChoiceOrder":[],"Validation":{"Settings":{"Type":"None"}},"GradingData":[],"Language":[],"QuestionText_Unsafe":"<p><span style=\"caret-color: rgb(0, 0, 0); color: rgb(0, 0, 0); font-family: &quot;Times New Roman&quot;; font-size: 16px; white-space: pre-wrap;\">Please read the following scenario:<\/span><br><span style=\"caret-color: rgb(0, 0, 0); color: rgb(0, 0, 0); font-family: &quot;Times New Roman&quot;; font-size: 16px; white-space: pre-wrap;\">\nJosh is on the way to the airport to catch a flight to a hunting safari in Africa. He leaves with plenty of time to make it there, but his car breaks down on the highway. Now Josh is sitting in his car near a busy intersection, and knows he needs to get to airport soon if he is going to catch his flight.  <\/span><\/p>","DataVisibility":{"Private":false,"Hidden":false},"NextChoiceId":1,"NextAnswerId":1,"DataExportTag":"Scenario9","QuestionID":"QID212"}},{"SurveyID":"SV_5dRYJQgLuYUFrMN","Element":"SQ","PrimaryAttribute":"QID258","SecondaryAttribute":"Please read the following scenario: Erica is leaving the mall on a hot summer day. In the parking...","TertiaryAttribute":null,"Payload":{"QuestionText":"<p><span style=\"caret-color: rgb(0, 0, 0); color: rgb(0, 0, 0); font-family: &quot;Times New Roman&quot;; font-size: 16px; white-space: pre-wrap;\">Please read the following scenario:<br \/>\nErica is leaving the mall on a hot summer day. In the parking lot, she notices a dog in the back of a car without any of its windows open. The dog is panting heavily and looks tired.<\/span><\/p>","DefaultChoices":false,"DataExportTag":"Scenario11","QuestionID":"QID258","QuestionType":"DB","Selector":"TB","DataVisibility":{"Private":false,"Hidden":false},"Configuration":{"QuestionDescriptionOption":"UseText"},"QuestionDescription":"Please read the following scenario: Erica is leaving the mall on a hot summer day. In the parking...","ChoiceOrder":[],"Validation":{"Settings":{"Type":"None"}},"GradingData":[],"Language":[],"NextChoiceId":4,"NextAnswerId":1}},{"SurveyID":"SV_5dRYJQgLuYUFrMN","Element":"SQ","PrimaryAttribute":"QID189","SecondaryAttribute":"Please read the following scenario: Eunice is sunbathing at the beach next to a family with young...","TertiaryAttribute":null,"Payload":{"QuestionText":"<p><span style=\"caret-color: rgb(0, 0, 0); color: rgb(0, 0, 0); font-family: &quot;Times New Roman&quot;; font-size: 16px; white-space: pre-wrap;\">Please read the following scenario:<br>\nEunice is sunbathing at the beach next to a family with young children. When the family is playing in the water, she sees a teenager begin to go through their belongings but she isn\u2019t sure whether or not he\u2019s part of the family.&nbsp;<\/span><br><\/p>","DefaultChoices":false,"QuestionType":"DB","Selector":"TB","Configuration":{"QuestionDescriptionOption":"UseText"},"QuestionDescription":"Please read the following scenario: Eunice is sunbathing at the beach next to a family with young...","ChoiceOrder":[],"Validation":{"Settings":{"Type":"None"}},"GradingData":[],"Language":[],"QuestionText_Unsafe":"<p dir=\"ltr\" style=\"line-height:1.38;margin-top:0pt;margin-bottom:0pt;\"><span style=\"font-size:16px;\"><span id=\"docs-internal-guid-e2e82202-1191-c883-193c-54248306695a\"><span style=\"font-family: 'Times New Roman'; color: rgb(0, 0, 0); vertical-align: baseline; white-space: pre-wrap;\">Please read the following scenario:<br \/>\n<br \/>\nHeinz&rsquo;s wife has recently fallen ill and needs an expensive medication that is not covered by her medical insurance. They don&rsquo;t have the money needed to purchase the expensive prescription medication, but they know that it&rsquo;s vital for her to have it if she is going to recover. <\/span><\/span><\/span><\/p>","DataExportTag":"Scenario8","QuestionID":"QID189","DataVisibility":{"Private":false,"Hidden":false},"NextChoiceId":1,"NextAnswerId":1}},{"SurveyID":"SV_5dRYJQgLuYUFrMN","Element":"SQ","PrimaryAttribute":"QID93","SecondaryAttribute":"Think of this ladder as representing where people stand in the United States. At the top of the l...","TertiaryAttribute":null,"Payload":{"QuestionText":"Think of this ladder as representing where people stand in the United States. At the top of the ladder are the people who have the most money, most education, and most respected jobs. At the bottom are the people who have the least money, least education, and least respected jobs or no job. The higher up you are on this ladder, the closer you are to the people at the very top, and the lower you are, the closer you are to the people at the very bottom.<div><br>\n<img src=\"https:\/\/yale.qualtrics.com\/CP\/Graphic.php?IM=IM_0SONYA8Aes5ati4\"><br>\n<meta charset=\"utf-8\">\n<br>\n<strong><em>Where would you place yourself on this ladder? Please select the rung where you think you stand at this time in your life, relative to other people in the United States.<\/em><\/strong><\/div>","DataExportTag":"ses","QuestionType":"MC","Selector":"SAVR","SubSelector":"TX","Configuration":{"QuestionDescriptionOption":"UseText"},"QuestionDescription":"Think of this ladder as representing where people stand in the United States. At the top of the l...","Choices":{"1":{"Display":"Rung 10 (Top Rung)"},"2":{"Display":"Rung 9"},"3":{"Display":"Rung 8"},"4":{"Display":"Rung 7"},"5":{"Display":"Rung 6"},"6":{"Display":"Rung 5"},"7":{"Display":"Rung 4"},"8":{"Display":"Rung 3"},"9":{"Display":"Rung 2"},"10":{"Display":"Rung 1 (Bottom Rung)"}},"ChoiceOrder":[1,2,3,4,5,6,7,8,9,10],"Validation":{"Settings":{"ForceResponse":"OFF","ForceResponseType":"ON"}},"Language":[],"QuestionID":"QID93"}},{"SurveyID":"SV_5dRYJQgLuYUFrMN","Element":"SQ","PrimaryAttribute":"QID191","SecondaryAttribute":"Timing","TertiaryAttribute":null,"Payload":{"QuestionText":"Timing","DefaultChoices":false,"QuestionType":"Timing","Selector":"PageTimer","Configuration":{"QuestionDescriptionOption":"UseText","MinSeconds":"0","MaxSeconds":"0"},"QuestionDescription":"Timing","Choices":{"1":{"Display":"First Click"},"2":{"Display":"Last Click"},"3":{"Display":"Page Submit"},"4":{"Display":"Click Count"}},"GradingData":[],"Language":[],"QuestionText_Unsafe":"Timing","DataExportTag":"S8FRtime","QuestionID":"QID191","DataVisibility":{"Private":false,"Hidden":false},"NextChoiceId":21,"NextAnswerId":1}},{"SurveyID":"SV_5dRYJQgLuYUFrMN","Element":"SQ","PrimaryAttribute":"QID214","SecondaryAttribute":"Timing","TertiaryAttribute":null,"Payload":{"QuestionText":"Timing","DefaultChoices":false,"QuestionType":"Timing","Selector":"PageTimer","Configuration":{"QuestionDescriptionOption":"UseText","MinSeconds":"0","MaxSeconds":"0"},"QuestionDescription":"Timing","Choices":{"1":{"Display":"First Click"},"2":{"Display":"Last Click"},"3":{"Display":"Page Submit"},"4":{"Display":"Click Count"}},"GradingData":[],"Language":[],"QuestionText_Unsafe":"Timing","DataExportTag":"S9FRtime","QuestionID":"QID214","DataVisibility":{"Private":false,"Hidden":false},"NextChoiceId":41,"NextAnswerId":1}},{"SurveyID":"SV_5dRYJQgLuYUFrMN","Element":"SQ","PrimaryAttribute":"QID237","SecondaryAttribute":"Timing","TertiaryAttribute":null,"Payload":{"QuestionText":"Timing","DefaultChoices":false,"QuestionType":"Timing","Selector":"PageTimer","Configuration":{"QuestionDescriptionOption":"UseText","MinSeconds":"0","MaxSeconds":"0"},"QuestionDescription":"Timing","Choices":{"1":{"Display":"First Click"},"2":{"Display":"Last Click"},"3":{"Display":"Page Submit"},"4":{"Display":"Click Count"}},"GradingData":[],"Language":[],"QuestionText_Unsafe":"Timing","DataExportTag":"S10FRtime","QuestionID":"QID237","DataVisibility":{"Private":false,"Hidden":false},"NextChoiceId":45,"NextAnswerId":1}},{"SurveyID":"SV_5dRYJQgLuYUFrMN","Element":"SQ","PrimaryAttribute":"QID260","SecondaryAttribute":"Timing","TertiaryAttribute":null,"Payload":{"QuestionText":"Timing","DefaultChoices":false,"QuestionType":"Timing","Selector":"PageTimer","Configuration":{"QuestionDescriptionOption":"UseText","MinSeconds":"0","MaxSeconds":"0"},"QuestionDescription":"Timing","Choices":{"1":{"Display":"First Click"},"2":{"Display":"Last Click"},"3":{"Display":"Page Submit"},"4":{"Display":"Click Count"}},"GradingData":[],"Language":[],"QuestionText_Unsafe":"Timing","DataExportTag":"S11FRtime","QuestionID":"QID260","DataVisibility":{"Private":false,"Hidden":false},"NextChoiceId":21,"NextAnswerId":1}},{"SurveyID":"SV_5dRYJQgLuYUFrMN","Element":"SQ","PrimaryAttribute":"QID283","SecondaryAttribute":"Timing","TertiaryAttribute":null,"Payload":{"QuestionText":"Timing","DefaultChoices":false,"QuestionType":"Timing","Selector":"PageTimer","Configuration":{"QuestionDescriptionOption":"UseText","MinSeconds":"0","MaxSeconds":"0"},"QuestionDescription":"Timing","Choices":{"1":{"Display":"First Click"},"2":{"Display":"Last Click"},"3":{"Display":"Page Submit"},"4":{"Display":"Click Count"}},"GradingData":[],"Language":[],"QuestionText_Unsafe":"Timing","DataExportTag":"S12FRtime","QuestionID":"QID283","DataVisibility":{"Private":false,"Hidden":false},"NextChoiceId":29,"NextAnswerId":1}},{"SurveyID":"SV_5dRYJQgLuYUFrMN","Element":"SQ","PrimaryAttribute":"QID309","SecondaryAttribute":"Timing","TertiaryAttribute":null,"Payload":{"QuestionText":"Timing","DefaultChoices":false,"DataExportTag":"S7FRtime","QuestionType":"Timing","Selector":"PageTimer","DataVisibility":{"Private":false,"Hidden":false},"Configuration":{"QuestionDescriptionOption":"UseText","MinSeconds":"0","MaxSeconds":"0"},"QuestionDescription":"Timing","Choices":{"1":{"Display":"First Click"},"2":{"Display":"Last Click"},"3":{"Display":"Page Submit"},"4":{"Display":"Click Count"}},"GradingData":[],"Language":[],"NextChoiceId":73,"NextAnswerId":1,"QuestionID":"QID309"}},{"SurveyID":"SV_5dRYJQgLuYUFrMN","Element":"SQ","PrimaryAttribute":"QID89","SecondaryAttribute":"What is your age? \u00a0","TertiaryAttribute":null,"Payload":{"QuestionText":"<div>\n\tWhat is your age?<\/div>\n<div>\n\t&nbsp;<\/div>","DataExportTag":"age","QuestionType":"TE","Selector":"SL","Configuration":{"QuestionDescriptionOption":"UseText"},"QuestionDescription":"What is your age? \u00a0","Validation":{"Settings":{"ForceResponse":"OFF","ForceResponseType":"ON","Type":"None"}},"GradingData":[],"Language":[],"QuestionID":"QID89"}},{"SurveyID":"SV_5dRYJQgLuYUFrMN","Element":"SQ","PrimaryAttribute":"QID91","SecondaryAttribute":"What is your ethnicity?","TertiaryAttribute":null,"Payload":{"QuestionText":"<div>\n\tWhat is your ethnicity?<\/div>","DefaultChoices":false,"DataExportTag":"ethnicity","QuestionType":"MC","Selector":"SAVR","SubSelector":"TX","Configuration":{"QuestionDescriptionOption":"UseText"},"QuestionDescription":"What is your ethnicity?","Choices":{"1":{"Display":"Black \/ African American"},"2":{"Display":"Hispanic \/ Latino"},"3":{"Display":"Asian \/ Pacific Islander"},"4":{"Display":"Native American \/ American Indian"},"5":{"Display":"White \/ Caucasian"},"6":{"Display":"Other","TextEntry":"true"}},"ChoiceOrder":["1","2","3","4","5","6"],"Validation":{"Settings":{"ForceResponse":"OFF","ForceResponseType":"ON","Type":"None"}},"GradingData":[],"Language":[],"QuestionID":"QID91"}},{"SurveyID":"SV_5dRYJQgLuYUFrMN","Element":"SQ","PrimaryAttribute":"QID90","SecondaryAttribute":"What is your gender? \u00a0","TertiaryAttribute":null,"Payload":{"QuestionText":"<div>\n\tWhat is your gender?<\/div>\n<div>\n\t&nbsp;<\/div>","DataExportTag":"gender","QuestionType":"MC","Selector":"SAVR","SubSelector":"TX","Configuration":{"QuestionDescriptionOption":"UseText"},"QuestionDescription":"What is your gender? \u00a0","Choices":{"1":{"Display":"Male"},"2":{"Display":"Female"},"3":{"Display":"Other"}},"ChoiceOrder":[1,2,3],"Validation":{"Settings":{"ForceResponse":"OFF","ForceResponseType":"ON"}},"Language":[],"QuestionID":"QID90"}}]}